{
  "version": 4,
  "terraform_version": "0.14.10",
  "serial": 44,
  "lineage": "8e34a42b-ad08-5a29-0c90-0e91808f72cd",
  "outputs": {},
  "resources": [
    {
      "mode": "data",
      "type": "aws_eks_cluster",
      "name": "cluster",
      "provider": "provider[\"registry.terraform.io/hashicorp/aws\"]",
      "instances": [
        {
          "schema_version": 0,
          "attributes": {
            "arn": "arn:aws:eks:us-east-1:080400906742:cluster/eks_cluster",
            "certificate_authority": [
              {
                "data": "LS0tLS1CRUdJTiBDRVJUSUZJQ0FURS0tLS0tCk1JSUM1ekNDQWMrZ0F3SUJBZ0lCQURBTkJna3Foa2lHOXcwQkFRc0ZBREFWTVJNd0VRWURWUVFERXdwcmRXSmwKY201bGRHVnpNQjRYRFRJeE1EZ3hPREl3TVRNeE1Gb1hEVE14TURneE5qSXdNVE14TUZvd0ZURVRNQkVHQTFVRQpBeE1LYTNWaVpYSnVaWFJsY3pDQ0FTSXdEUVlKS29aSWh2Y05BUUVCQlFBRGdnRVBBRENDQVFvQ2dnRUJBTGhWCjF6VUxXaUdmUmJlWE5LWXJwLzdXUEVOelcwVUxzSDZTcW9leWlMQ3JtbExFNSsvZVd1MHBKMzQ0aFFWa0JBWDYKNXJ1MDdJNUZ5aDg2NVhGb0lLazJ2Mm9XUStTNUZxYkV4MVdvaUlmV0hmMkM1ejNxNXNCbTlyWjVMU3c1Mm5ESwpjL2g0TWNyNm1UZ1NjYUsxVnhCWFlMV1Blc1dKb1R3TjFwbEx4RVBQdVRNMHcyaWwzUHVYb3RGcWtUU3hkWWpPCkhDNDZuUER1ejNlQjNDa0RESG9teTZVaGhzSlkwYUJya3VZUFV3T2lVMWl1djVOTkRyVDkzeXRUUldZb3RaNjYKS0wwRkhMUGhyM1Y0TTBFa0tqZ09abndCd2x3Zk4vTUFBSTEySlQ0VFpXeFlrQ3dGQ1JWM0YzRSswZVcvU1lrWAo3dmE2d2JrRUs1L0dMWmhkZXNNQ0F3RUFBYU5DTUVBd0RnWURWUjBQQVFIL0JBUURBZ0trTUE4R0ExVWRFd0VCCi93UUZNQU1CQWY4d0hRWURWUjBPQkJZRUZHeU8ycVdlWWZOWG5DV1FES0tseEZuTEdpQkdNQTBHQ1NxR1NJYjMKRFFFQkN3VUFBNElCQVFBNHExc3ErbGd5NFkzRlZqZmUvUHlnczRkclA2a3RsdHNuckdic0VVVWhhQkZqY0tMbgpUdlRBdFh2bnlLenlJTTY0WmxCZTRldXpqakJ5bVFQNHhlb0p6NVI0SHpUeWt1Yzg4N2xTams5blZmM25oRGdsCkJKeGt5ditGWlR1eUxQUlY0LzJqYUNXSnkwa0hKUzdkN1VLU2pkNmdHMjhkR3dQZ2QrMUd4b1YrRU80M1JmL2kKdVFidkR3anFGUlpwbVFQRVVScDR0WHlLSjFvZ2MwRTcwNzBwbUN0b1dWa0RsOXpUa3N4eGhDZjgzZlF2V1FteQo1ZkpMakJXekdiYW1QdVcvelZ3cHdPTjk3SFVIQU5nSjBDZFhKKy9NRk13M25GaFhjYjdKOFZZSU84bGNJMzNWCmttOWhZZXpvUGVBNjVDRmZrOVNBamVWaksvTnA1M0lySk9iWgotLS0tLUVORCBDRVJUSUZJQ0FURS0tLS0tCg=="
              }
            ],
            "created_at": "2021-08-18 20:05:56.207 +0000 UTC",
            "enabled_cluster_log_types": [],
            "endpoint": "https://1D417F751906D155DEA23396ABF6E4BB.yl4.us-east-1.eks.amazonaws.com",
            "id": "eks_cluster",
            "identity": [
              {
                "oidc": [
                  {
                    "issuer": "https://oidc.eks.us-east-1.amazonaws.com/id/1D417F751906D155DEA23396ABF6E4BB"
                  }
                ]
              }
            ],
            "kubernetes_network_config": [
              {
                "service_ipv4_cidr": "172.20.0.0/16"
              }
            ],
            "name": "eks_cluster",
            "platform_version": "eks.2",
            "role_arn": "arn:aws:iam::080400906742:role/eks_cluster20210818200520012400000002",
            "status": "ACTIVE",
            "tags": {},
            "version": "1.20",
            "vpc_config": [
              {
                "cluster_security_group_id": "sg-08dab6ef568ff255f",
                "endpoint_private_access": false,
                "endpoint_public_access": true,
                "public_access_cidrs": [
                  "0.0.0.0/0"
                ],
                "security_group_ids": [
                  "sg-0b07813e869cf4220"
                ],
                "subnet_ids": [
                  "subnet-020a617fc0b828c09",
                  "subnet-0b557a48347f19fa0"
                ],
                "vpc_id": "vpc-0b40b909c68a4b9a8"
              }
            ]
          },
          "sensitive_attributes": []
        }
      ]
    },
    {
      "mode": "data",
      "type": "aws_eks_cluster_auth",
      "name": "cluster",
      "provider": "provider[\"registry.terraform.io/hashicorp/aws\"]",
      "instances": [
        {
          "schema_version": 0,
          "attributes": {
            "id": "eks_cluster",
            "name": "eks_cluster",
            "token": "k8s-aws-v1.aHR0cHM6Ly9zdHMuYW1hem9uYXdzLmNvbS8_QWN0aW9uPUdldENhbGxlcklkZW50aXR5JlZlcnNpb249MjAxMS0wNi0xNSZYLUFtei1BbGdvcml0aG09QVdTNC1ITUFDLVNIQTI1NiZYLUFtei1DcmVkZW50aWFsPUFLSUFSRk9DRVBIM00zU1pXRjY2JTJGMjAyMTA4MTglMkZ1cy1lYXN0LTElMkZzdHMlMkZhd3M0X3JlcXVlc3QmWC1BbXotRGF0ZT0yMDIxMDgxOFQyMDE3NTdaJlgtQW16LUV4cGlyZXM9MCZYLUFtei1TaWduZWRIZWFkZXJzPWhvc3QlM0J4LWs4cy1hd3MtaWQmWC1BbXotU2lnbmF0dXJlPTMzZTI5OWU3NjU2YTIyNDkzNTM1OWM4OGFkOWFmNjNmYTZmOGI3NTdjODQxNWE1NDNkYzllMTM4NjhhZDcyZmI"
          },
          "sensitive_attributes": []
        }
      ]
    },
    {
      "mode": "managed",
      "type": "aws_iam_instance_profile",
      "name": "node_profile",
      "provider": "provider[\"registry.terraform.io/hashicorp/aws\"]",
      "instances": [
        {
          "schema_version": 0,
          "attributes": {
            "arn": "arn:aws:iam::080400906742:instance-profile/eks_cluster",
            "create_date": "2021-08-18T20:05:23Z",
            "id": "eks_cluster",
            "name": "eks_cluster",
            "name_prefix": null,
            "path": "/",
            "role": "eks_cluster",
            "tags": null,
            "tags_all": {},
            "unique_id": "AIPARFOCEPH3PSGYJDYRT"
          },
          "sensitive_attributes": [],
          "private": "bnVsbA==",
          "dependencies": [
            "aws_iam_role.nodes"
          ]
        }
      ]
    },
    {
      "mode": "managed",
      "type": "aws_iam_policy_attachment",
      "name": "attachemt1",
      "provider": "provider[\"registry.terraform.io/hashicorp/aws\"]",
      "instances": [
        {
          "schema_version": 0,
          "attributes": {
            "groups": null,
            "id": "attachmen1",
            "name": "attachmen1",
            "policy_arn": "arn:aws:iam::aws:policy/AmazonEKS_CNI_Policy",
            "roles": [
              "eks_cluster"
            ],
            "users": null
          },
          "sensitive_attributes": [],
          "private": "bnVsbA==",
          "dependencies": [
            "aws_iam_role.nodes"
          ]
        }
      ]
    },
    {
      "mode": "managed",
      "type": "aws_iam_policy_attachment",
      "name": "attachemt2",
      "provider": "provider[\"registry.terraform.io/hashicorp/aws\"]",
      "instances": [
        {
          "schema_version": 0,
          "attributes": {
            "groups": null,
            "id": "attachmen2",
            "name": "attachmen2",
            "policy_arn": "arn:aws:iam::aws:policy/AmazonEC2ContainerRegistryReadOnly",
            "roles": [
              "eks_cluster"
            ],
            "users": null
          },
          "sensitive_attributes": [],
          "private": "bnVsbA==",
          "dependencies": [
            "aws_iam_role.nodes"
          ]
        }
      ]
    },
    {
      "mode": "managed",
      "type": "aws_iam_policy_attachment",
      "name": "attachemt3",
      "provider": "provider[\"registry.terraform.io/hashicorp/aws\"]",
      "instances": [
        {
          "schema_version": 0,
          "attributes": {
            "groups": null,
            "id": "attachmen3",
            "name": "attachmen3",
            "policy_arn": "arn:aws:iam::aws:policy/ElasticLoadBalancingFullAccess",
            "roles": [
              "eks_cluster"
            ],
            "users": null
          },
          "sensitive_attributes": [],
          "private": "bnVsbA==",
          "dependencies": [
            "aws_iam_role.nodes"
          ]
        }
      ]
    },
    {
      "mode": "managed",
      "type": "aws_iam_policy_attachment",
      "name": "attachemt4",
      "provider": "provider[\"registry.terraform.io/hashicorp/aws\"]",
      "instances": [
        {
          "schema_version": 0,
          "attributes": {
            "groups": null,
            "id": "attachmen4",
            "name": "attachmen4",
            "policy_arn": "arn:aws:iam::aws:policy/AmazonEKSWorkerNodePolicy",
            "roles": [
              "eks_cluster"
            ],
            "users": null
          },
          "sensitive_attributes": [],
          "private": "bnVsbA==",
          "dependencies": [
            "aws_iam_role.nodes"
          ]
        }
      ]
    },
    {
      "mode": "managed",
      "type": "aws_iam_role",
      "name": "nodes",
      "provider": "provider[\"registry.terraform.io/hashicorp/aws\"]",
      "instances": [
        {
          "schema_version": 0,
          "attributes": {
            "arn": "arn:aws:iam::080400906742:role/eks_cluster",
            "assume_role_policy": "{\"Version\":\"2012-10-17\",\"Statement\":[{\"Sid\":\"\",\"Effect\":\"Allow\",\"Principal\":{\"Service\":\"ec2.amazonaws.com\"},\"Action\":\"sts:AssumeRole\"}]}",
            "create_date": "2021-08-18T20:05:20Z",
            "description": "",
            "force_detach_policies": false,
            "id": "eks_cluster",
            "inline_policy": [
              {
                "name": "",
                "policy": ""
              }
            ],
            "managed_policy_arns": [],
            "max_session_duration": 3600,
            "name": "eks_cluster",
            "name_prefix": null,
            "path": "/",
            "permissions_boundary": null,
            "tags": null,
            "tags_all": {},
            "unique_id": "AROARFOCEPH3GUTGSYW3G"
          },
          "sensitive_attributes": [],
          "private": "bnVsbA==",
          "create_before_destroy": true
        }
      ]
    },
    {
      "module": "module.prod_k8s",
      "mode": "data",
      "type": "aws_caller_identity",
      "name": "current",
      "provider": "provider[\"registry.terraform.io/hashicorp/aws\"]",
      "instances": [
        {
          "schema_version": 0,
          "attributes": {
            "account_id": "080400906742",
            "arn": "arn:aws:iam::080400906742:user/cloud_user",
            "id": "080400906742",
            "user_id": "AIDARFOCEPH3KASRVJICJ"
          },
          "sensitive_attributes": []
        }
      ]
    },
    {
      "module": "module.prod_k8s",
      "mode": "data",
      "type": "aws_iam_policy_document",
      "name": "cluster_assume_role_policy",
      "provider": "provider[\"registry.terraform.io/hashicorp/aws\"]",
      "instances": [
        {
          "schema_version": 0,
          "attributes": {
            "id": "2764486067",
            "json": "{\n  \"Version\": \"2012-10-17\",\n  \"Statement\": [\n    {\n      \"Sid\": \"EKSClusterAssumeRole\",\n      \"Effect\": \"Allow\",\n      \"Action\": \"sts:AssumeRole\",\n      \"Principal\": {\n        \"Service\": \"eks.amazonaws.com\"\n      }\n    }\n  ]\n}",
            "override_json": null,
            "override_policy_documents": null,
            "policy_id": null,
            "source_json": null,
            "source_policy_documents": null,
            "statement": [
              {
                "actions": [
                  "sts:AssumeRole"
                ],
                "condition": [],
                "effect": "Allow",
                "not_actions": [],
                "not_principals": [],
                "not_resources": [],
                "principals": [
                  {
                    "identifiers": [
                      "eks.amazonaws.com"
                    ],
                    "type": "Service"
                  }
                ],
                "resources": [],
                "sid": "EKSClusterAssumeRole"
              }
            ],
            "version": "2012-10-17"
          },
          "sensitive_attributes": []
        }
      ]
    },
    {
      "module": "module.prod_k8s",
      "mode": "data",
      "type": "aws_iam_policy_document",
      "name": "cluster_elb_sl_role_creation",
      "provider": "provider[\"registry.terraform.io/hashicorp/aws\"]",
      "instances": [
        {
          "index_key": 0,
          "schema_version": 0,
          "attributes": {
            "id": "3709839417",
            "json": "{\n  \"Version\": \"2012-10-17\",\n  \"Statement\": [\n    {\n      \"Sid\": \"\",\n      \"Effect\": \"Allow\",\n      \"Action\": [\n        \"ec2:DescribeInternetGateways\",\n        \"ec2:DescribeAddresses\",\n        \"ec2:DescribeAccountAttributes\"\n      ],\n      \"Resource\": \"*\"\n    }\n  ]\n}",
            "override_json": null,
            "override_policy_documents": null,
            "policy_id": null,
            "source_json": null,
            "source_policy_documents": null,
            "statement": [
              {
                "actions": [
                  "ec2:DescribeAccountAttributes",
                  "ec2:DescribeAddresses",
                  "ec2:DescribeInternetGateways"
                ],
                "condition": [],
                "effect": "Allow",
                "not_actions": [],
                "not_principals": [],
                "not_resources": [],
                "principals": [],
                "resources": [
                  "*"
                ],
                "sid": ""
              }
            ],
            "version": "2012-10-17"
          },
          "sensitive_attributes": []
        }
      ]
    },
    {
      "module": "module.prod_k8s",
      "mode": "data",
      "type": "aws_iam_policy_document",
      "name": "workers_assume_role_policy",
      "provider": "provider[\"registry.terraform.io/hashicorp/aws\"]",
      "instances": [
        {
          "schema_version": 0,
          "attributes": {
            "id": "3778018924",
            "json": "{\n  \"Version\": \"2012-10-17\",\n  \"Statement\": [\n    {\n      \"Sid\": \"EKSWorkerAssumeRole\",\n      \"Effect\": \"Allow\",\n      \"Action\": \"sts:AssumeRole\",\n      \"Principal\": {\n        \"Service\": \"ec2.amazonaws.com\"\n      }\n    }\n  ]\n}",
            "override_json": null,
            "override_policy_documents": null,
            "policy_id": null,
            "source_json": null,
            "source_policy_documents": null,
            "statement": [
              {
                "actions": [
                  "sts:AssumeRole"
                ],
                "condition": [],
                "effect": "Allow",
                "not_actions": [],
                "not_principals": [],
                "not_resources": [],
                "principals": [
                  {
                    "identifiers": [
                      "ec2.amazonaws.com"
                    ],
                    "type": "Service"
                  }
                ],
                "resources": [],
                "sid": "EKSWorkerAssumeRole"
              }
            ],
            "version": "2012-10-17"
          },
          "sensitive_attributes": []
        }
      ]
    },
    {
      "module": "module.prod_k8s",
      "mode": "data",
      "type": "aws_partition",
      "name": "current",
      "provider": "provider[\"registry.terraform.io/hashicorp/aws\"]",
      "instances": [
        {
          "schema_version": 0,
          "attributes": {
            "dns_suffix": "amazonaws.com",
            "id": "aws",
            "partition": "aws",
            "reverse_dns_prefix": "com.amazonaws"
          },
          "sensitive_attributes": []
        }
      ]
    },
    {
      "module": "module.prod_k8s",
      "mode": "data",
      "type": "http",
      "name": "wait_for_cluster",
      "provider": "provider[\"registry.terraform.io/terraform-aws-modules/http\"]",
      "instances": [
        {
          "index_key": 0,
          "schema_version": 0,
          "attributes": {
            "body": "ok",
            "ca_certificate": "-----BEGIN CERTIFICATE-----\nMIIC5zCCAc+gAwIBAgIBADANBgkqhkiG9w0BAQsFADAVMRMwEQYDVQQDEwprdWJl\ncm5ldGVzMB4XDTIxMDgxODIwMTMxMFoXDTMxMDgxNjIwMTMxMFowFTETMBEGA1UE\nAxMKa3ViZXJuZXRlczCCASIwDQYJKoZIhvcNAQEBBQADggEPADCCAQoCggEBALhV\n1zULWiGfRbeXNKYrp/7WPENzW0ULsH6SqoeyiLCrmlLE5+/eWu0pJ344hQVkBAX6\n5ru07I5Fyh865XFoIKk2v2oWQ+S5FqbEx1WoiIfWHf2C5z3q5sBm9rZ5LSw52nDK\nc/h4Mcr6mTgScaK1VxBXYLWPesWJoTwN1plLxEPPuTM0w2il3PuXotFqkTSxdYjO\nHC46nPDuz3eB3CkDDHomy6UhhsJY0aBrkuYPUwOiU1iuv5NNDrT93ytTRWYotZ66\nKL0FHLPhr3V4M0EkKjgOZnwBwlwfN/MAAI12JT4TZWxYkCwFCRV3F3E+0eW/SYkX\n7va6wbkEK5/GLZhdesMCAwEAAaNCMEAwDgYDVR0PAQH/BAQDAgKkMA8GA1UdEwEB\n/wQFMAMBAf8wHQYDVR0OBBYEFGyO2qWeYfNXnCWQDKKlxFnLGiBGMA0GCSqGSIb3\nDQEBCwUAA4IBAQA4q1sq+lgy4Y3FVjfe/Pygs4drP6ktltsnrGbsEUUhaBFjcKLn\nTvTAtXvnyKzyIM64ZlBe4euzjjBymQP4xeoJz5R4HzTykuc887lSjk9nVf3nhDgl\nBJxkyv+FZTuyLPRV4/2jaCWJy0kHJS7d7UKSjd6gG28dGwPgd+1GxoV+EO43Rf/i\nuQbvDwjqFRZpmQPEURp4tXyKJ1ogc0E7070pmCtoWVkDl9zTksxxhCf83fQvWQmy\n5fJLjBWzGbamPuW/zVwpwON97HUHANgJ0CdXJ+/MFMw3nFhXcb7J8VYIO8lcI33V\nkm9hYezoPeA65CFfk9SAjeVjK/Np53IrJObZ\n-----END CERTIFICATE-----\n",
            "id": "https://1D417F751906D155DEA23396ABF6E4BB.yl4.us-east-1.eks.amazonaws.com/healthz",
            "insecure": false,
            "request_headers": null,
            "response_headers": {
              "Cache-Control": "no-cache, private",
              "Content-Length": "2",
              "Content-Type": "text/plain; charset=utf-8",
              "Date": "Wed, 18 Aug 2021 20:17:57 GMT",
              "X-Content-Type-Options": "nosniff",
              "X-Kubernetes-Pf-Flowschema-Uid": "231e2b62-0513-4979-8b4d-d28db9a12655",
              "X-Kubernetes-Pf-Prioritylevel-Uid": "6dbb13e7-a806-4624-a919-ad94cf796ea3"
            },
            "timeout": 300,
            "url": "https://1D417F751906D155DEA23396ABF6E4BB.yl4.us-east-1.eks.amazonaws.com/healthz"
          },
          "sensitive_attributes": []
        }
      ]
    },
    {
      "module": "module.prod_k8s",
      "mode": "managed",
      "type": "aws_eks_cluster",
      "name": "this",
      "provider": "provider[\"registry.terraform.io/hashicorp/aws\"]",
      "instances": [
        {
          "index_key": 0,
          "schema_version": 0,
          "attributes": {
            "arn": "arn:aws:eks:us-east-1:080400906742:cluster/eks_cluster",
            "certificate_authority": [
              {
                "data": "LS0tLS1CRUdJTiBDRVJUSUZJQ0FURS0tLS0tCk1JSUM1ekNDQWMrZ0F3SUJBZ0lCQURBTkJna3Foa2lHOXcwQkFRc0ZBREFWTVJNd0VRWURWUVFERXdwcmRXSmwKY201bGRHVnpNQjRYRFRJeE1EZ3hPREl3TVRNeE1Gb1hEVE14TURneE5qSXdNVE14TUZvd0ZURVRNQkVHQTFVRQpBeE1LYTNWaVpYSnVaWFJsY3pDQ0FTSXdEUVlKS29aSWh2Y05BUUVCQlFBRGdnRVBBRENDQVFvQ2dnRUJBTGhWCjF6VUxXaUdmUmJlWE5LWXJwLzdXUEVOelcwVUxzSDZTcW9leWlMQ3JtbExFNSsvZVd1MHBKMzQ0aFFWa0JBWDYKNXJ1MDdJNUZ5aDg2NVhGb0lLazJ2Mm9XUStTNUZxYkV4MVdvaUlmV0hmMkM1ejNxNXNCbTlyWjVMU3c1Mm5ESwpjL2g0TWNyNm1UZ1NjYUsxVnhCWFlMV1Blc1dKb1R3TjFwbEx4RVBQdVRNMHcyaWwzUHVYb3RGcWtUU3hkWWpPCkhDNDZuUER1ejNlQjNDa0RESG9teTZVaGhzSlkwYUJya3VZUFV3T2lVMWl1djVOTkRyVDkzeXRUUldZb3RaNjYKS0wwRkhMUGhyM1Y0TTBFa0tqZ09abndCd2x3Zk4vTUFBSTEySlQ0VFpXeFlrQ3dGQ1JWM0YzRSswZVcvU1lrWAo3dmE2d2JrRUs1L0dMWmhkZXNNQ0F3RUFBYU5DTUVBd0RnWURWUjBQQVFIL0JBUURBZ0trTUE4R0ExVWRFd0VCCi93UUZNQU1CQWY4d0hRWURWUjBPQkJZRUZHeU8ycVdlWWZOWG5DV1FES0tseEZuTEdpQkdNQTBHQ1NxR1NJYjMKRFFFQkN3VUFBNElCQVFBNHExc3ErbGd5NFkzRlZqZmUvUHlnczRkclA2a3RsdHNuckdic0VVVWhhQkZqY0tMbgpUdlRBdFh2bnlLenlJTTY0WmxCZTRldXpqakJ5bVFQNHhlb0p6NVI0SHpUeWt1Yzg4N2xTams5blZmM25oRGdsCkJKeGt5ditGWlR1eUxQUlY0LzJqYUNXSnkwa0hKUzdkN1VLU2pkNmdHMjhkR3dQZ2QrMUd4b1YrRU80M1JmL2kKdVFidkR3anFGUlpwbVFQRVVScDR0WHlLSjFvZ2MwRTcwNzBwbUN0b1dWa0RsOXpUa3N4eGhDZjgzZlF2V1FteQo1ZkpMakJXekdiYW1QdVcvelZ3cHdPTjk3SFVIQU5nSjBDZFhKKy9NRk13M25GaFhjYjdKOFZZSU84bGNJMzNWCmttOWhZZXpvUGVBNjVDRmZrOVNBamVWaksvTnA1M0lySk9iWgotLS0tLUVORCBDRVJUSUZJQ0FURS0tLS0tCg=="
              }
            ],
            "created_at": "2021-08-18 20:05:56.207 +0000 UTC",
            "enabled_cluster_log_types": null,
            "encryption_config": [],
            "endpoint": "https://1D417F751906D155DEA23396ABF6E4BB.yl4.us-east-1.eks.amazonaws.com",
            "id": "eks_cluster",
            "identity": [
              {
                "oidc": [
                  {
                    "issuer": "https://oidc.eks.us-east-1.amazonaws.com/id/1D417F751906D155DEA23396ABF6E4BB"
                  }
                ]
              }
            ],
            "kubernetes_network_config": [
              {
                "service_ipv4_cidr": "172.20.0.0/16"
              }
            ],
            "name": "eks_cluster",
            "platform_version": "eks.2",
            "role_arn": "arn:aws:iam::080400906742:role/eks_cluster20210818200520012400000002",
            "status": "ACTIVE",
            "tags": null,
            "tags_all": {},
            "timeouts": {
              "create": "30m",
              "delete": "15m",
              "update": null
            },
            "version": "1.20",
            "vpc_config": [
              {
                "cluster_security_group_id": "sg-08dab6ef568ff255f",
                "endpoint_private_access": false,
                "endpoint_public_access": true,
                "public_access_cidrs": [
                  "0.0.0.0/0"
                ],
                "security_group_ids": [
                  "sg-0b07813e869cf4220"
                ],
                "subnet_ids": [
                  "subnet-020a617fc0b828c09",
                  "subnet-0b557a48347f19fa0"
                ],
                "vpc_id": "vpc-0b40b909c68a4b9a8"
              }
            ]
          },
          "sensitive_attributes": [],
          "private": "eyJlMmJmYjczMC1lY2FhLTExZTYtOGY4OC0zNDM2M2JjN2M0YzAiOnsiY3JlYXRlIjoxODAwMDAwMDAwMDAwLCJkZWxldGUiOjkwMDAwMDAwMDAwMCwidXBkYXRlIjozNjAwMDAwMDAwMDAwfX0=",
          "dependencies": [
            "module.prod_k8s.aws_cloudwatch_log_group.this",
            "module.prod_k8s.aws_iam_role.cluster",
            "module.prod_k8s.aws_iam_role_policy_attachment.cluster_AmazonEKSClusterPolicy",
            "module.prod_k8s.aws_iam_role_policy_attachment.cluster_AmazonEKSServicePolicy",
            "module.prod_k8s.aws_iam_role_policy_attachment.cluster_AmazonEKSVPCResourceControllerPolicy",
            "module.prod_k8s.aws_security_group.cluster",
            "module.prod_k8s.aws_security_group.workers",
            "module.prod_k8s.aws_security_group_rule.cluster_egress_internet",
            "module.prod_k8s.aws_security_group_rule.cluster_https_worker_ingress",
            "module.prod_k8s.data.aws_iam_policy_document.cluster_assume_role_policy",
            "module.prod_k8s.data.aws_iam_role.custom_cluster_iam_role",
            "module.prod_k8s.data.aws_partition.current",
            "module.prod_vpc.aws_subnet.this_sub_pub",
            "module.prod_vpc.aws_vpc.this"
          ],
          "create_before_destroy": true
        }
      ]
    },
    {
      "module": "module.prod_k8s",
      "mode": "managed",
      "type": "aws_iam_policy",
      "name": "cluster_elb_sl_role_creation",
      "provider": "provider[\"registry.terraform.io/hashicorp/aws\"]",
      "instances": [
        {
          "index_key": 0,
          "schema_version": 0,
          "attributes": {
            "arn": "arn:aws:iam::080400906742:policy/eks_cluster-elb-sl-role-creation20210818200520009800000001",
            "description": "Permissions for EKS to create AWSServiceRoleForElasticLoadBalancing service-linked role",
            "id": "arn:aws:iam::080400906742:policy/eks_cluster-elb-sl-role-creation20210818200520009800000001",
            "name": "eks_cluster-elb-sl-role-creation20210818200520009800000001",
            "name_prefix": "eks_cluster-elb-sl-role-creation",
            "path": "/",
            "policy": "{\n  \"Version\": \"2012-10-17\",\n  \"Statement\": [\n    {\n      \"Sid\": \"\",\n      \"Effect\": \"Allow\",\n      \"Action\": [\n        \"ec2:DescribeInternetGateways\",\n        \"ec2:DescribeAddresses\",\n        \"ec2:DescribeAccountAttributes\"\n      ],\n      \"Resource\": \"*\"\n    }\n  ]\n}",
            "policy_id": "ANPARFOCEPH3CLDN34KQU",
            "tags": null,
            "tags_all": {}
          },
          "sensitive_attributes": [],
          "private": "bnVsbA==",
          "dependencies": [
            "module.prod_k8s.data.aws_iam_policy_document.cluster_elb_sl_role_creation"
          ]
        }
      ]
    },
    {
      "module": "module.prod_k8s",
      "mode": "managed",
      "type": "aws_iam_role",
      "name": "cluster",
      "provider": "provider[\"registry.terraform.io/hashicorp/aws\"]",
      "instances": [
        {
          "index_key": 0,
          "schema_version": 0,
          "attributes": {
            "arn": "arn:aws:iam::080400906742:role/eks_cluster20210818200520012400000002",
            "assume_role_policy": "{\"Version\":\"2012-10-17\",\"Statement\":[{\"Sid\":\"EKSClusterAssumeRole\",\"Effect\":\"Allow\",\"Principal\":{\"Service\":\"eks.amazonaws.com\"},\"Action\":\"sts:AssumeRole\"}]}",
            "create_date": "2021-08-18T20:05:20Z",
            "description": "",
            "force_detach_policies": true,
            "id": "eks_cluster20210818200520012400000002",
            "inline_policy": [
              {
                "name": "",
                "policy": ""
              }
            ],
            "managed_policy_arns": [],
            "max_session_duration": 3600,
            "name": "eks_cluster20210818200520012400000002",
            "name_prefix": "eks_cluster",
            "path": "/",
            "permissions_boundary": null,
            "tags": null,
            "tags_all": {},
            "unique_id": "AROARFOCEPH3IHP7ZGSO6"
          },
          "sensitive_attributes": [],
          "private": "bnVsbA==",
          "dependencies": [
            "module.prod_k8s.data.aws_iam_policy_document.cluster_assume_role_policy"
          ],
          "create_before_destroy": true
        }
      ]
    },
    {
      "module": "module.prod_k8s",
      "mode": "managed",
      "type": "aws_iam_role",
      "name": "workers",
      "provider": "provider[\"registry.terraform.io/hashicorp/aws\"]",
      "instances": [
        {
          "index_key": 0,
          "schema_version": 0,
          "attributes": {
            "arn": "arn:aws:iam::080400906742:role/eks_cluster20210818201756827200000009",
            "assume_role_policy": "{\"Version\":\"2012-10-17\",\"Statement\":[{\"Sid\":\"EKSWorkerAssumeRole\",\"Effect\":\"Allow\",\"Principal\":{\"Service\":\"ec2.amazonaws.com\"},\"Action\":\"sts:AssumeRole\"}]}",
            "create_date": "2021-08-18T20:17:57Z",
            "description": "",
            "force_detach_policies": true,
            "id": "eks_cluster20210818201756827200000009",
            "inline_policy": [
              {
                "name": "",
                "policy": ""
              }
            ],
            "managed_policy_arns": [],
            "max_session_duration": 3600,
            "name": "eks_cluster20210818201756827200000009",
            "name_prefix": "eks_cluster",
            "path": "/",
            "permissions_boundary": null,
            "tags": null,
            "tags_all": {},
            "unique_id": "AROARFOCEPH3PUR5F3XDN"
          },
          "sensitive_attributes": [],
          "private": "bnVsbA==",
          "dependencies": [
            "module.prod_k8s.aws_cloudwatch_log_group.this",
            "module.prod_k8s.aws_eks_cluster.this",
            "module.prod_k8s.aws_iam_role.cluster",
            "module.prod_k8s.aws_iam_role_policy_attachment.cluster_AmazonEKSClusterPolicy",
            "module.prod_k8s.aws_iam_role_policy_attachment.cluster_AmazonEKSServicePolicy",
            "module.prod_k8s.aws_iam_role_policy_attachment.cluster_AmazonEKSVPCResourceControllerPolicy",
            "module.prod_k8s.aws_security_group.cluster",
            "module.prod_k8s.aws_security_group.workers",
            "module.prod_k8s.aws_security_group_rule.cluster_egress_internet",
            "module.prod_k8s.aws_security_group_rule.cluster_https_worker_ingress",
            "module.prod_k8s.data.aws_iam_policy_document.cluster_assume_role_policy",
            "module.prod_k8s.data.aws_iam_policy_document.workers_assume_role_policy",
            "module.prod_k8s.data.aws_iam_role.custom_cluster_iam_role",
            "module.prod_k8s.data.aws_partition.current",
            "module.prod_vpc.aws_subnet.this_sub_pub",
            "module.prod_vpc.aws_vpc.this"
          ],
          "create_before_destroy": true
        }
      ]
    },
    {
      "module": "module.prod_k8s",
      "mode": "managed",
      "type": "aws_iam_role_policy_attachment",
      "name": "cluster_AmazonEKSClusterPolicy",
      "provider": "provider[\"registry.terraform.io/hashicorp/aws\"]",
      "instances": [
        {
          "index_key": 0,
          "schema_version": 0,
          "attributes": {
            "id": "eks_cluster20210818200520012400000002-20210818200523968900000006",
            "policy_arn": "arn:aws:iam::aws:policy/AmazonEKSClusterPolicy",
            "role": "eks_cluster20210818200520012400000002"
          },
          "sensitive_attributes": [],
          "private": "bnVsbA==",
          "dependencies": [
            "module.prod_k8s.aws_iam_role.cluster",
            "module.prod_k8s.data.aws_iam_policy_document.cluster_assume_role_policy",
            "module.prod_k8s.data.aws_partition.current"
          ],
          "create_before_destroy": true
        }
      ]
    },
    {
      "module": "module.prod_k8s",
      "mode": "managed",
      "type": "aws_iam_role_policy_attachment",
      "name": "cluster_AmazonEKSServicePolicy",
      "provider": "provider[\"registry.terraform.io/hashicorp/aws\"]",
      "instances": [
        {
          "index_key": 0,
          "schema_version": 0,
          "attributes": {
            "id": "eks_cluster20210818200520012400000002-20210818200523968200000005",
            "policy_arn": "arn:aws:iam::aws:policy/AmazonEKSServicePolicy",
            "role": "eks_cluster20210818200520012400000002"
          },
          "sensitive_attributes": [],
          "private": "bnVsbA==",
          "dependencies": [
            "module.prod_k8s.aws_iam_role.cluster",
            "module.prod_k8s.data.aws_iam_policy_document.cluster_assume_role_policy",
            "module.prod_k8s.data.aws_partition.current"
          ],
          "create_before_destroy": true
        }
      ]
    },
    {
      "module": "module.prod_k8s",
      "mode": "managed",
      "type": "aws_iam_role_policy_attachment",
      "name": "cluster_AmazonEKSVPCResourceControllerPolicy",
      "provider": "provider[\"registry.terraform.io/hashicorp/aws\"]",
      "instances": [
        {
          "index_key": 0,
          "schema_version": 0,
          "attributes": {
            "id": "eks_cluster20210818200520012400000002-20210818200523968000000004",
            "policy_arn": "arn:aws:iam::aws:policy/AmazonEKSVPCResourceController",
            "role": "eks_cluster20210818200520012400000002"
          },
          "sensitive_attributes": [],
          "private": "bnVsbA==",
          "dependencies": [
            "module.prod_k8s.aws_iam_role.cluster",
            "module.prod_k8s.data.aws_iam_policy_document.cluster_assume_role_policy",
            "module.prod_k8s.data.aws_partition.current"
          ],
          "create_before_destroy": true
        }
      ]
    },
    {
      "module": "module.prod_k8s",
      "mode": "managed",
      "type": "aws_iam_role_policy_attachment",
      "name": "cluster_elb_sl_role_creation",
      "provider": "provider[\"registry.terraform.io/hashicorp/aws\"]",
      "instances": [
        {
          "index_key": 0,
          "schema_version": 0,
          "attributes": {
            "id": "eks_cluster20210818200520012400000002-20210818200523963200000003",
            "policy_arn": "arn:aws:iam::080400906742:policy/eks_cluster-elb-sl-role-creation20210818200520009800000001",
            "role": "eks_cluster20210818200520012400000002"
          },
          "sensitive_attributes": [],
          "private": "bnVsbA==",
          "dependencies": [
            "module.prod_k8s.aws_iam_policy.cluster_elb_sl_role_creation",
            "module.prod_k8s.aws_iam_role.cluster",
            "module.prod_k8s.data.aws_iam_policy_document.cluster_assume_role_policy",
            "module.prod_k8s.data.aws_iam_policy_document.cluster_elb_sl_role_creation"
          ]
        }
      ]
    },
    {
      "module": "module.prod_k8s",
      "mode": "managed",
      "type": "aws_iam_role_policy_attachment",
      "name": "workers_AmazonEC2ContainerRegistryReadOnly",
      "provider": "provider[\"registry.terraform.io/hashicorp/aws\"]",
      "instances": [
        {
          "index_key": 0,
          "schema_version": 0,
          "attributes": {
            "id": "eks_cluster20210818201756827200000009-2021081820180078580000000c",
            "policy_arn": "arn:aws:iam::aws:policy/AmazonEC2ContainerRegistryReadOnly",
            "role": "eks_cluster20210818201756827200000009"
          },
          "sensitive_attributes": [],
          "private": "bnVsbA==",
          "dependencies": [
            "module.prod_k8s.aws_cloudwatch_log_group.this",
            "module.prod_k8s.aws_eks_cluster.this",
            "module.prod_k8s.aws_iam_role.cluster",
            "module.prod_k8s.aws_iam_role.workers",
            "module.prod_k8s.aws_iam_role_policy_attachment.cluster_AmazonEKSClusterPolicy",
            "module.prod_k8s.aws_iam_role_policy_attachment.cluster_AmazonEKSServicePolicy",
            "module.prod_k8s.aws_iam_role_policy_attachment.cluster_AmazonEKSVPCResourceControllerPolicy",
            "module.prod_k8s.aws_security_group.cluster",
            "module.prod_k8s.aws_security_group.workers",
            "module.prod_k8s.aws_security_group_rule.cluster_egress_internet",
            "module.prod_k8s.aws_security_group_rule.cluster_https_worker_ingress",
            "module.prod_k8s.data.aws_iam_policy_document.cluster_assume_role_policy",
            "module.prod_k8s.data.aws_iam_policy_document.workers_assume_role_policy",
            "module.prod_k8s.data.aws_iam_role.custom_cluster_iam_role",
            "module.prod_k8s.data.aws_partition.current",
            "module.prod_vpc.aws_subnet.this_sub_pub",
            "module.prod_vpc.aws_vpc.this"
          ],
          "create_before_destroy": true
        }
      ]
    },
    {
      "module": "module.prod_k8s",
      "mode": "managed",
      "type": "aws_iam_role_policy_attachment",
      "name": "workers_AmazonEKSWorkerNodePolicy",
      "provider": "provider[\"registry.terraform.io/hashicorp/aws\"]",
      "instances": [
        {
          "index_key": 0,
          "schema_version": 0,
          "attributes": {
            "id": "eks_cluster20210818201756827200000009-2021081820180077840000000a",
            "policy_arn": "arn:aws:iam::aws:policy/AmazonEKSWorkerNodePolicy",
            "role": "eks_cluster20210818201756827200000009"
          },
          "sensitive_attributes": [],
          "private": "bnVsbA==",
          "dependencies": [
            "module.prod_k8s.aws_cloudwatch_log_group.this",
            "module.prod_k8s.aws_eks_cluster.this",
            "module.prod_k8s.aws_iam_role.cluster",
            "module.prod_k8s.aws_iam_role.workers",
            "module.prod_k8s.aws_iam_role_policy_attachment.cluster_AmazonEKSClusterPolicy",
            "module.prod_k8s.aws_iam_role_policy_attachment.cluster_AmazonEKSServicePolicy",
            "module.prod_k8s.aws_iam_role_policy_attachment.cluster_AmazonEKSVPCResourceControllerPolicy",
            "module.prod_k8s.aws_security_group.cluster",
            "module.prod_k8s.aws_security_group.workers",
            "module.prod_k8s.aws_security_group_rule.cluster_egress_internet",
            "module.prod_k8s.aws_security_group_rule.cluster_https_worker_ingress",
            "module.prod_k8s.data.aws_iam_policy_document.cluster_assume_role_policy",
            "module.prod_k8s.data.aws_iam_policy_document.workers_assume_role_policy",
            "module.prod_k8s.data.aws_iam_role.custom_cluster_iam_role",
            "module.prod_k8s.data.aws_partition.current",
            "module.prod_vpc.aws_subnet.this_sub_pub",
            "module.prod_vpc.aws_vpc.this"
          ],
          "create_before_destroy": true
        }
      ]
    },
    {
      "module": "module.prod_k8s",
      "mode": "managed",
      "type": "aws_iam_role_policy_attachment",
      "name": "workers_AmazonEKS_CNI_Policy",
      "provider": "provider[\"registry.terraform.io/hashicorp/aws\"]",
      "instances": [
        {
          "index_key": 0,
          "schema_version": 0,
          "attributes": {
            "id": "eks_cluster20210818201756827200000009-2021081820180077900000000b",
            "policy_arn": "arn:aws:iam::aws:policy/AmazonEKS_CNI_Policy",
            "role": "eks_cluster20210818201756827200000009"
          },
          "sensitive_attributes": [],
          "private": "bnVsbA==",
          "dependencies": [
            "module.prod_k8s.aws_cloudwatch_log_group.this",
            "module.prod_k8s.aws_eks_cluster.this",
            "module.prod_k8s.aws_iam_role.cluster",
            "module.prod_k8s.aws_iam_role.workers",
            "module.prod_k8s.aws_iam_role_policy_attachment.cluster_AmazonEKSClusterPolicy",
            "module.prod_k8s.aws_iam_role_policy_attachment.cluster_AmazonEKSServicePolicy",
            "module.prod_k8s.aws_iam_role_policy_attachment.cluster_AmazonEKSVPCResourceControllerPolicy",
            "module.prod_k8s.aws_security_group.cluster",
            "module.prod_k8s.aws_security_group.workers",
            "module.prod_k8s.aws_security_group_rule.cluster_egress_internet",
            "module.prod_k8s.aws_security_group_rule.cluster_https_worker_ingress",
            "module.prod_k8s.data.aws_iam_policy_document.cluster_assume_role_policy",
            "module.prod_k8s.data.aws_iam_policy_document.workers_assume_role_policy",
            "module.prod_k8s.data.aws_iam_role.custom_cluster_iam_role",
            "module.prod_k8s.data.aws_partition.current",
            "module.prod_vpc.aws_subnet.this_sub_pub",
            "module.prod_vpc.aws_vpc.this"
          ],
          "create_before_destroy": true
        }
      ]
    },
    {
      "module": "module.prod_k8s",
      "mode": "managed",
      "type": "aws_security_group",
      "name": "cluster",
      "provider": "provider[\"registry.terraform.io/hashicorp/aws\"]",
      "instances": [
        {
          "index_key": 0,
          "schema_version": 1,
          "attributes": {
            "arn": "arn:aws:ec2:us-east-1:080400906742:security-group/sg-0b07813e869cf4220",
            "description": "EKS cluster security group.",
            "egress": [],
            "id": "sg-0b07813e869cf4220",
            "ingress": [],
            "name": "eks_cluster20210818200540576500000008",
            "name_prefix": "eks_cluster",
            "owner_id": "080400906742",
            "revoke_rules_on_delete": false,
            "tags": {
              "Name": "eks_cluster-eks_cluster_sg"
            },
            "tags_all": {
              "Name": "eks_cluster-eks_cluster_sg"
            },
            "timeouts": null,
            "vpc_id": "vpc-0b40b909c68a4b9a8"
          },
          "sensitive_attributes": [],
          "private": "eyJlMmJmYjczMC1lY2FhLTExZTYtOGY4OC0zNDM2M2JjN2M0YzAiOnsiY3JlYXRlIjo2MDAwMDAwMDAwMDAsImRlbGV0ZSI6OTAwMDAwMDAwMDAwfSwic2NoZW1hX3ZlcnNpb24iOiIxIn0=",
          "dependencies": [
            "module.prod_vpc.aws_vpc.this"
          ],
          "create_before_destroy": true
        }
      ]
    },
    {
      "module": "module.prod_k8s",
      "mode": "managed",
      "type": "aws_security_group",
      "name": "workers",
      "provider": "provider[\"registry.terraform.io/hashicorp/aws\"]",
      "instances": [
        {
          "index_key": 0,
          "schema_version": 1,
          "attributes": {
            "arn": "arn:aws:ec2:us-east-1:080400906742:security-group/sg-0a03daa4939f0ff32",
            "description": "Security group for all nodes in the cluster.",
            "egress": [],
            "id": "sg-0a03daa4939f0ff32",
            "ingress": [],
            "name": "eks_cluster20210818200540566400000007",
            "name_prefix": "eks_cluster",
            "owner_id": "080400906742",
            "revoke_rules_on_delete": false,
            "tags": {
              "Name": "eks_cluster-eks_worker_sg",
              "kubernetes.io/cluster/eks_cluster": "owned"
            },
            "tags_all": {
              "Name": "eks_cluster-eks_worker_sg",
              "kubernetes.io/cluster/eks_cluster": "owned"
            },
            "timeouts": null,
            "vpc_id": "vpc-0b40b909c68a4b9a8"
          },
          "sensitive_attributes": [],
          "private": "eyJlMmJmYjczMC1lY2FhLTExZTYtOGY4OC0zNDM2M2JjN2M0YzAiOnsiY3JlYXRlIjo2MDAwMDAwMDAwMDAsImRlbGV0ZSI6OTAwMDAwMDAwMDAwfSwic2NoZW1hX3ZlcnNpb24iOiIxIn0=",
          "dependencies": [
            "module.prod_vpc.aws_vpc.this"
          ],
          "create_before_destroy": true
        }
      ]
    },
    {
      "module": "module.prod_k8s",
      "mode": "managed",
      "type": "aws_security_group_rule",
      "name": "cluster_egress_internet",
      "provider": "provider[\"registry.terraform.io/hashicorp/aws\"]",
      "instances": [
        {
          "index_key": 0,
          "schema_version": 2,
          "attributes": {
            "cidr_blocks": [
              "0.0.0.0/0"
            ],
            "description": "Allow cluster egress access to the Internet.",
            "from_port": 0,
            "id": "sgrule-608916009",
            "ipv6_cidr_blocks": null,
            "prefix_list_ids": null,
            "protocol": "-1",
            "security_group_id": "sg-0b07813e869cf4220",
            "self": false,
            "source_security_group_id": null,
            "to_port": 0,
            "type": "egress"
          },
          "sensitive_attributes": [],
          "private": "eyJzY2hlbWFfdmVyc2lvbiI6IjIifQ==",
          "dependencies": [
            "module.prod_k8s.aws_security_group.cluster",
            "module.prod_vpc.aws_vpc.this"
          ],
          "create_before_destroy": true
        }
      ]
    },
    {
      "module": "module.prod_k8s",
      "mode": "managed",
      "type": "aws_security_group_rule",
      "name": "cluster_https_worker_ingress",
      "provider": "provider[\"registry.terraform.io/hashicorp/aws\"]",
      "instances": [
        {
          "index_key": 0,
          "schema_version": 2,
          "attributes": {
            "cidr_blocks": null,
            "description": "Allow pods to communicate with the EKS cluster API.",
            "from_port": 443,
            "id": "sgrule-991303282",
            "ipv6_cidr_blocks": null,
            "prefix_list_ids": null,
            "protocol": "tcp",
            "security_group_id": "sg-0b07813e869cf4220",
            "self": false,
            "source_security_group_id": "sg-0a03daa4939f0ff32",
            "to_port": 443,
            "type": "ingress"
          },
          "sensitive_attributes": [],
          "private": "eyJzY2hlbWFfdmVyc2lvbiI6IjIifQ==",
          "dependencies": [
            "module.prod_k8s.aws_security_group.cluster",
            "module.prod_k8s.aws_security_group.workers",
            "module.prod_vpc.aws_vpc.this"
          ],
          "create_before_destroy": true
        }
      ]
    },
    {
      "module": "module.prod_k8s",
      "mode": "managed",
      "type": "aws_security_group_rule",
      "name": "workers_egress_internet",
      "provider": "provider[\"registry.terraform.io/hashicorp/aws\"]",
      "instances": [
        {
          "index_key": 0,
          "schema_version": 2,
          "attributes": {
            "cidr_blocks": [
              "0.0.0.0/0"
            ],
            "description": "Allow nodes all egress to the Internet.",
            "from_port": 0,
            "id": "sgrule-1066755348",
            "ipv6_cidr_blocks": null,
            "prefix_list_ids": null,
            "protocol": "-1",
            "security_group_id": "sg-0a03daa4939f0ff32",
            "self": false,
            "source_security_group_id": null,
            "to_port": 0,
            "type": "egress"
          },
          "sensitive_attributes": [],
          "private": "eyJzY2hlbWFfdmVyc2lvbiI6IjIifQ==",
          "dependencies": [
            "module.prod_k8s.aws_security_group.workers",
            "module.prod_vpc.aws_vpc.this"
          ]
        }
      ]
    },
    {
      "module": "module.prod_k8s",
      "mode": "managed",
      "type": "aws_security_group_rule",
      "name": "workers_ingress_cluster",
      "provider": "provider[\"registry.terraform.io/hashicorp/aws\"]",
      "instances": [
        {
          "index_key": 0,
          "schema_version": 2,
          "attributes": {
            "cidr_blocks": null,
            "description": "Allow workers pods to receive communication from the cluster control plane.",
            "from_port": 1025,
            "id": "sgrule-1261670137",
            "ipv6_cidr_blocks": null,
            "prefix_list_ids": null,
            "protocol": "tcp",
            "security_group_id": "sg-0a03daa4939f0ff32",
            "self": false,
            "source_security_group_id": "sg-0b07813e869cf4220",
            "to_port": 65535,
            "type": "ingress"
          },
          "sensitive_attributes": [],
          "private": "eyJzY2hlbWFfdmVyc2lvbiI6IjIifQ==",
          "dependencies": [
            "module.prod_k8s.aws_security_group.cluster",
            "module.prod_k8s.aws_security_group.workers",
            "module.prod_vpc.aws_vpc.this"
          ]
        }
      ]
    },
    {
      "module": "module.prod_k8s",
      "mode": "managed",
      "type": "aws_security_group_rule",
      "name": "workers_ingress_cluster_https",
      "provider": "provider[\"registry.terraform.io/hashicorp/aws\"]",
      "instances": [
        {
          "index_key": 0,
          "schema_version": 2,
          "attributes": {
            "cidr_blocks": null,
            "description": "Allow pods running extension API servers on port 443 to receive communication from cluster control plane.",
            "from_port": 443,
            "id": "sgrule-1200240740",
            "ipv6_cidr_blocks": null,
            "prefix_list_ids": null,
            "protocol": "tcp",
            "security_group_id": "sg-0a03daa4939f0ff32",
            "self": false,
            "source_security_group_id": "sg-0b07813e869cf4220",
            "to_port": 443,
            "type": "ingress"
          },
          "sensitive_attributes": [],
          "private": "eyJzY2hlbWFfdmVyc2lvbiI6IjIifQ==",
          "dependencies": [
            "module.prod_k8s.aws_security_group.cluster",
            "module.prod_k8s.aws_security_group.workers",
            "module.prod_vpc.aws_vpc.this"
          ]
        }
      ]
    },
    {
      "module": "module.prod_k8s",
      "mode": "managed",
      "type": "aws_security_group_rule",
      "name": "workers_ingress_self",
      "provider": "provider[\"registry.terraform.io/hashicorp/aws\"]",
      "instances": [
        {
          "index_key": 0,
          "schema_version": 2,
          "attributes": {
            "cidr_blocks": null,
            "description": "Allow node to communicate with each other.",
            "from_port": 0,
            "id": "sgrule-2420083012",
            "ipv6_cidr_blocks": null,
            "prefix_list_ids": null,
            "protocol": "-1",
            "security_group_id": "sg-0a03daa4939f0ff32",
            "self": false,
            "source_security_group_id": "sg-0a03daa4939f0ff32",
            "to_port": 65535,
            "type": "ingress"
          },
          "sensitive_attributes": [],
          "private": "eyJzY2hlbWFfdmVyc2lvbiI6IjIifQ==",
          "dependencies": [
            "module.prod_k8s.aws_security_group.workers",
            "module.prod_vpc.aws_vpc.this"
          ]
        }
      ]
    },
    {
      "module": "module.prod_k8s",
      "mode": "managed",
      "type": "kubernetes_config_map",
      "name": "aws_auth",
      "provider": "provider[\"registry.terraform.io/hashicorp/kubernetes\"]",
      "instances": [
        {
          "index_key": 0,
          "schema_version": 0,
          "attributes": {
            "binary_data": null,
            "data": {
              "mapAccounts": "[]\n",
              "mapRoles": "- \"groups\":\n  - \"system:bootstrappers\"\n  - \"system:nodes\"\n  \"rolearn\": \"arn:aws:iam::080400906742:role/eks_cluster\"\n  \"username\": \"system:node:{{EC2PrivateDNSName}}\"\n",
              "mapUsers": "[]\n"
            },
            "id": "kube-system/aws-auth",
            "metadata": [
              {
                "annotations": null,
                "generate_name": "",
                "generation": 0,
                "labels": {
                  "app.kubernetes.io/managed-by": "Terraform",
                  "terraform.io/module": "terraform-aws-modules.eks.aws"
                },
                "name": "aws-auth",
                "namespace": "kube-system",
                "resource_version": "688",
                "uid": "fbd2fd54-2a3e-4002-b549-7406c6756b23"
              }
            ]
          },
          "sensitive_attributes": [],
          "private": "bnVsbA==",
          "dependencies": [
            "aws_iam_role.nodes",
            "data.aws_eks_cluster.cluster",
            "data.aws_eks_cluster_auth.cluster",
            "module.prod_k8s.aws_cloudwatch_log_group.this",
            "module.prod_k8s.aws_eks_cluster.this",
            "module.prod_k8s.aws_iam_instance_profile.workers",
            "module.prod_k8s.aws_iam_instance_profile.workers_launch_template",
            "module.prod_k8s.aws_iam_role.cluster",
            "module.prod_k8s.aws_iam_role.workers",
            "module.prod_k8s.aws_iam_role_policy_attachment.cluster_AmazonEKSClusterPolicy",
            "module.prod_k8s.aws_iam_role_policy_attachment.cluster_AmazonEKSServicePolicy",
            "module.prod_k8s.aws_iam_role_policy_attachment.cluster_AmazonEKSVPCResourceControllerPolicy",
            "module.prod_k8s.aws_security_group.cluster",
            "module.prod_k8s.aws_security_group.workers",
            "module.prod_k8s.aws_security_group_rule.cluster_egress_internet",
            "module.prod_k8s.aws_security_group_rule.cluster_https_worker_ingress",
            "module.prod_k8s.aws_security_group_rule.cluster_private_access_cidrs_source",
            "module.prod_k8s.aws_security_group_rule.cluster_private_access_sg_source",
            "module.prod_k8s.data.aws_ami.eks_worker",
            "module.prod_k8s.data.aws_ami.eks_worker_windows",
            "module.prod_k8s.data.aws_caller_identity.current",
            "module.prod_k8s.data.aws_iam_instance_profile.custom_worker_group_iam_instance_profile",
            "module.prod_k8s.data.aws_iam_instance_profile.custom_worker_group_launch_template_iam_instance_profile",
            "module.prod_k8s.data.aws_iam_policy_document.cluster_assume_role_policy",
            "module.prod_k8s.data.aws_iam_policy_document.workers_assume_role_policy",
            "module.prod_k8s.data.aws_iam_role.custom_cluster_iam_role",
            "module.prod_k8s.data.aws_partition.current",
            "module.prod_k8s.data.http.wait_for_cluster",
            "module.prod_k8s.module.fargate.aws_iam_role.eks_fargate_pod",
            "module.prod_k8s.module.fargate.data.aws_iam_role.custom_fargate_iam_role",
            "module.prod_vpc.aws_subnet.this_sub_pub",
            "module.prod_vpc.aws_vpc.this"
          ],
          "create_before_destroy": true
        }
      ]
    },
    {
      "module": "module.prod_k8s",
      "mode": "managed",
      "type": "local_file",
      "name": "kubeconfig",
      "provider": "provider[\"registry.terraform.io/hashicorp/local\"]",
      "instances": [
        {
          "index_key": 0,
          "schema_version": 0,
          "attributes": {
            "content": "apiVersion: v1\npreferences: {}\nkind: Config\n\nclusters:\n- cluster:\n    server: https://1D417F751906D155DEA23396ABF6E4BB.yl4.us-east-1.eks.amazonaws.com\n    certificate-authority-data: LS0tLS1CRUdJTiBDRVJUSUZJQ0FURS0tLS0tCk1JSUM1ekNDQWMrZ0F3SUJBZ0lCQURBTkJna3Foa2lHOXcwQkFRc0ZBREFWTVJNd0VRWURWUVFERXdwcmRXSmwKY201bGRHVnpNQjRYRFRJeE1EZ3hPREl3TVRNeE1Gb1hEVE14TURneE5qSXdNVE14TUZvd0ZURVRNQkVHQTFVRQpBeE1LYTNWaVpYSnVaWFJsY3pDQ0FTSXdEUVlKS29aSWh2Y05BUUVCQlFBRGdnRVBBRENDQVFvQ2dnRUJBTGhWCjF6VUxXaUdmUmJlWE5LWXJwLzdXUEVOelcwVUxzSDZTcW9leWlMQ3JtbExFNSsvZVd1MHBKMzQ0aFFWa0JBWDYKNXJ1MDdJNUZ5aDg2NVhGb0lLazJ2Mm9XUStTNUZxYkV4MVdvaUlmV0hmMkM1ejNxNXNCbTlyWjVMU3c1Mm5ESwpjL2g0TWNyNm1UZ1NjYUsxVnhCWFlMV1Blc1dKb1R3TjFwbEx4RVBQdVRNMHcyaWwzUHVYb3RGcWtUU3hkWWpPCkhDNDZuUER1ejNlQjNDa0RESG9teTZVaGhzSlkwYUJya3VZUFV3T2lVMWl1djVOTkRyVDkzeXRUUldZb3RaNjYKS0wwRkhMUGhyM1Y0TTBFa0tqZ09abndCd2x3Zk4vTUFBSTEySlQ0VFpXeFlrQ3dGQ1JWM0YzRSswZVcvU1lrWAo3dmE2d2JrRUs1L0dMWmhkZXNNQ0F3RUFBYU5DTUVBd0RnWURWUjBQQVFIL0JBUURBZ0trTUE4R0ExVWRFd0VCCi93UUZNQU1CQWY4d0hRWURWUjBPQkJZRUZHeU8ycVdlWWZOWG5DV1FES0tseEZuTEdpQkdNQTBHQ1NxR1NJYjMKRFFFQkN3VUFBNElCQVFBNHExc3ErbGd5NFkzRlZqZmUvUHlnczRkclA2a3RsdHNuckdic0VVVWhhQkZqY0tMbgpUdlRBdFh2bnlLenlJTTY0WmxCZTRldXpqakJ5bVFQNHhlb0p6NVI0SHpUeWt1Yzg4N2xTams5blZmM25oRGdsCkJKeGt5ditGWlR1eUxQUlY0LzJqYUNXSnkwa0hKUzdkN1VLU2pkNmdHMjhkR3dQZ2QrMUd4b1YrRU80M1JmL2kKdVFidkR3anFGUlpwbVFQRVVScDR0WHlLSjFvZ2MwRTcwNzBwbUN0b1dWa0RsOXpUa3N4eGhDZjgzZlF2V1FteQo1ZkpMakJXekdiYW1QdVcvelZ3cHdPTjk3SFVIQU5nSjBDZFhKKy9NRk13M25GaFhjYjdKOFZZSU84bGNJMzNWCmttOWhZZXpvUGVBNjVDRmZrOVNBamVWaksvTnA1M0lySk9iWgotLS0tLUVORCBDRVJUSUZJQ0FURS0tLS0tCg==\n  name: eks_eks_cluster\n\ncontexts:\n- context:\n    cluster: eks_eks_cluster\n    user: eks_eks_cluster\n  name: eks_eks_cluster\n\ncurrent-context: eks_eks_cluster\n\nusers:\n- name: eks_eks_cluster\n  user:\n    exec:\n      apiVersion: client.authentication.k8s.io/v1alpha1\n      command: aws-iam-authenticator\n      args:\n        - \"token\"\n        - \"-i\"\n        - \"eks_cluster\"\n",
            "content_base64": null,
            "directory_permission": "0755",
            "file_permission": "0600",
            "filename": "./kubeconfig_eks_cluster",
            "id": "717c9c9765cbbeac4a55f85ff7440485bbb62cb3",
            "sensitive_content": null,
            "source": null
          },
          "sensitive_attributes": [],
          "private": "bnVsbA==",
          "dependencies": [
            "module.prod_k8s.aws_cloudwatch_log_group.this",
            "module.prod_k8s.aws_eks_cluster.this",
            "module.prod_k8s.aws_iam_role.cluster",
            "module.prod_k8s.aws_iam_role_policy_attachment.cluster_AmazonEKSClusterPolicy",
            "module.prod_k8s.aws_iam_role_policy_attachment.cluster_AmazonEKSServicePolicy",
            "module.prod_k8s.aws_iam_role_policy_attachment.cluster_AmazonEKSVPCResourceControllerPolicy",
            "module.prod_k8s.aws_security_group.cluster",
            "module.prod_k8s.aws_security_group.workers",
            "module.prod_k8s.aws_security_group_rule.cluster_egress_internet",
            "module.prod_k8s.aws_security_group_rule.cluster_https_worker_ingress",
            "module.prod_k8s.data.aws_iam_policy_document.cluster_assume_role_policy",
            "module.prod_k8s.data.aws_iam_role.custom_cluster_iam_role",
            "module.prod_k8s.data.aws_partition.current",
            "module.prod_vpc.aws_subnet.this_sub_pub",
            "module.prod_vpc.aws_vpc.this"
          ]
        }
      ]
    },
    {
      "module": "module.prod_k8s.module.node_groups",
      "mode": "managed",
      "type": "aws_eks_node_group",
      "name": "workers",
      "provider": "provider[\"registry.terraform.io/hashicorp/aws\"]",
      "instances": [
        {
          "index_key": "0",
          "schema_version": 0,
          "attributes": {
            "ami_type": "AL2_x86_64",
            "arn": "arn:aws:eks:us-east-1:080400906742:nodegroup/eks_cluster/node1/1ebdad74-f0cd-f8bc-fcce-019fc4bc335c",
            "capacity_type": "ON_DEMAND",
            "cluster_name": "eks_cluster",
            "disk_size": 100,
            "force_update_version": null,
            "id": "eks_cluster:node1",
            "instance_types": [
              "m4.large"
            ],
            "labels": null,
            "launch_template": [],
            "node_group_name": "node1",
            "node_group_name_prefix": "",
            "node_role_arn": "arn:aws:iam::080400906742:role/eks_cluster",
            "release_version": "1.20.4-20210813",
            "remote_access": [],
            "resources": [
              {
                "autoscaling_groups": [
                  {
                    "name": "eks-1ebdad74-f0cd-f8bc-fcce-019fc4bc335c"
                  }
                ],
                "remote_access_security_group_id": ""
              }
            ],
            "scaling_config": [
              {
                "desired_size": 1,
                "max_size": 5,
                "min_size": 1
              }
            ],
            "status": "ACTIVE",
            "subnet_ids": [
              "subnet-020a617fc0b828c09",
              "subnet-0b557a48347f19fa0"
            ],
            "tags": null,
            "tags_all": {},
            "taint": [],
            "timeouts": null,
            "version": "1.20"
          },
          "sensitive_attributes": [],
          "private": "eyJlMmJmYjczMC1lY2FhLTExZTYtOGY4OC0zNDM2M2JjN2M0YzAiOnsiY3JlYXRlIjozNjAwMDAwMDAwMDAwLCJkZWxldGUiOjM2MDAwMDAwMDAwMDAsInVwZGF0ZSI6MzYwMDAwMDAwMDAwMH19",
          "dependencies": [
            "aws_iam_role.nodes",
            "data.aws_eks_cluster.cluster",
            "data.aws_eks_cluster_auth.cluster",
            "module.prod_k8s.aws_cloudwatch_log_group.this",
            "module.prod_k8s.aws_eks_cluster.this",
            "module.prod_k8s.aws_iam_instance_profile.workers",
            "module.prod_k8s.aws_iam_instance_profile.workers_launch_template",
            "module.prod_k8s.aws_iam_role.cluster",
            "module.prod_k8s.aws_iam_role.workers",
            "module.prod_k8s.aws_iam_role_policy_attachment.cluster_AmazonEKSClusterPolicy",
            "module.prod_k8s.aws_iam_role_policy_attachment.cluster_AmazonEKSServicePolicy",
            "module.prod_k8s.aws_iam_role_policy_attachment.cluster_AmazonEKSVPCResourceControllerPolicy",
            "module.prod_k8s.aws_iam_role_policy_attachment.workers_AmazonEC2ContainerRegistryReadOnly",
            "module.prod_k8s.aws_iam_role_policy_attachment.workers_AmazonEKSWorkerNodePolicy",
            "module.prod_k8s.aws_iam_role_policy_attachment.workers_AmazonEKS_CNI_Policy",
            "module.prod_k8s.aws_security_group.cluster",
            "module.prod_k8s.aws_security_group.workers",
            "module.prod_k8s.aws_security_group_rule.cluster_egress_internet",
            "module.prod_k8s.aws_security_group_rule.cluster_https_worker_ingress",
            "module.prod_k8s.aws_security_group_rule.cluster_private_access_cidrs_source",
            "module.prod_k8s.aws_security_group_rule.cluster_private_access_sg_source",
            "module.prod_k8s.data.aws_ami.eks_worker",
            "module.prod_k8s.data.aws_ami.eks_worker_windows",
            "module.prod_k8s.data.aws_caller_identity.current",
            "module.prod_k8s.data.aws_iam_instance_profile.custom_worker_group_iam_instance_profile",
            "module.prod_k8s.data.aws_iam_instance_profile.custom_worker_group_launch_template_iam_instance_profile",
            "module.prod_k8s.data.aws_iam_policy_document.cluster_assume_role_policy",
            "module.prod_k8s.data.aws_iam_policy_document.workers_assume_role_policy",
            "module.prod_k8s.data.aws_iam_role.custom_cluster_iam_role",
            "module.prod_k8s.data.aws_partition.current",
            "module.prod_k8s.data.http.wait_for_cluster",
            "module.prod_k8s.kubernetes_config_map.aws_auth",
            "module.prod_k8s.module.fargate.aws_iam_role.eks_fargate_pod",
            "module.prod_k8s.module.fargate.data.aws_iam_role.custom_fargate_iam_role",
            "module.prod_k8s.module.node_groups.aws_launch_template.workers",
            "module.prod_vpc.aws_subnet.this_sub_pub",
            "module.prod_vpc.aws_vpc.this"
          ],
          "create_before_destroy": true
        }
      ]
    },
    {
      "module": "module.prod_vpc",
      "mode": "managed",
      "type": "aws_eip",
      "name": "this",
      "provider": "provider[\"registry.terraform.io/hashicorp/aws\"]",
      "instances": [
        {
          "schema_version": 0,
          "attributes": {
            "address": null,
            "allocation_id": null,
            "associate_with_private_ip": null,
            "association_id": "",
            "carrier_ip": "",
            "customer_owned_ip": "",
            "customer_owned_ipv4_pool": "",
            "domain": "vpc",
            "id": "eipalloc-09cadbd1edb69318c",
            "instance": "",
            "network_border_group": "us-east-1",
            "network_interface": "",
            "private_dns": null,
            "private_ip": "",
            "public_dns": "ec2-44-196-91-32.compute-1.amazonaws.com",
            "public_ip": "44.196.91.32",
            "public_ipv4_pool": "amazon",
            "tags": {
              "Name": "ac-xl-terraform-lab",
              "env": "ac-xl-terraform-lab"
            },
            "tags_all": {
              "Name": "ac-xl-terraform-lab",
              "env": "ac-xl-terraform-lab"
            },
            "timeouts": null,
            "vpc": true
          },
          "sensitive_attributes": [],
          "private": "eyJlMmJmYjczMC1lY2FhLTExZTYtOGY4OC0zNDM2M2JjN2M0YzAiOnsiZGVsZXRlIjoxODAwMDAwMDAwMDAsInJlYWQiOjkwMDAwMDAwMDAwMCwidXBkYXRlIjozMDAwMDAwMDAwMDB9fQ=="
        }
      ]
    },
    {
      "module": "module.prod_vpc",
      "mode": "managed",
      "type": "aws_internet_gateway",
      "name": "this",
      "provider": "provider[\"registry.terraform.io/hashicorp/aws\"]",
      "instances": [
        {
          "schema_version": 0,
          "attributes": {
            "arn": "arn:aws:ec2:us-east-1:080400906742:internet-gateway/igw-0d5dd81073f2e98c5",
            "id": "igw-0d5dd81073f2e98c5",
            "owner_id": "080400906742",
            "tags": {
              "Name": "ac-xl-joseher-prod-vpc-ing",
              "env": "ac-xl-terraform-lab"
            },
            "tags_all": {
              "Name": "ac-xl-joseher-prod-vpc-ing",
              "env": "ac-xl-terraform-lab"
            },
            "vpc_id": "vpc-0b40b909c68a4b9a8"
          },
          "sensitive_attributes": [],
          "private": "bnVsbA==",
          "dependencies": [
            "module.prod_vpc.aws_vpc.this"
          ]
        }
      ]
    },
    {
      "module": "module.prod_vpc",
      "mode": "managed",
      "type": "aws_nat_gateway",
      "name": "this",
      "provider": "provider[\"registry.terraform.io/hashicorp/aws\"]",
      "instances": [
        {
          "schema_version": 0,
          "attributes": {
            "allocation_id": "eipalloc-09cadbd1edb69318c",
            "connectivity_type": "public",
            "id": "nat-0d8ff059482f8cc2b",
            "network_interface_id": "eni-05cabb2340b5e9e81",
            "private_ip": "10.0.0.173",
            "public_ip": "44.196.91.32",
            "subnet_id": "subnet-0b557a48347f19fa0",
            "tags": null,
            "tags_all": {}
          },
          "sensitive_attributes": [],
          "private": "bnVsbA==",
          "dependencies": [
            "module.prod_vpc.aws_eip.this",
            "module.prod_vpc.aws_subnet.this_sub_pub",
            "module.prod_vpc.aws_vpc.this"
          ]
        }
      ]
    },
    {
      "module": "module.prod_vpc",
      "mode": "managed",
      "type": "aws_route_table",
      "name": "this-r-t-pri",
      "provider": "provider[\"registry.terraform.io/hashicorp/aws\"]",
      "instances": [
        {
          "schema_version": 0,
          "attributes": {
            "arn": "arn:aws:ec2:us-east-1:080400906742:route-table/rtb-0a6752dbd16a0adc5",
            "id": "rtb-0a6752dbd16a0adc5",
            "owner_id": "080400906742",
            "propagating_vgws": [],
            "route": [
              {
                "carrier_gateway_id": "",
                "cidr_block": "0.0.0.0/0",
                "destination_prefix_list_id": "",
                "egress_only_gateway_id": "",
                "gateway_id": "",
                "instance_id": "",
                "ipv6_cidr_block": "",
                "local_gateway_id": "",
                "nat_gateway_id": "nat-0d8ff059482f8cc2b",
                "network_interface_id": "",
                "transit_gateway_id": "",
                "vpc_endpoint_id": "",
                "vpc_peering_connection_id": ""
              }
            ],
            "tags": {
              "Name": "ac-xl-joseher-prod-vpc-r-t-pri",
              "env": "ac-xl-terraform-lab"
            },
            "tags_all": {
              "Name": "ac-xl-joseher-prod-vpc-r-t-pri",
              "env": "ac-xl-terraform-lab"
            },
            "vpc_id": "vpc-0b40b909c68a4b9a8"
          },
          "sensitive_attributes": [],
          "private": "bnVsbA==",
          "dependencies": [
            "module.prod_vpc.aws_eip.this",
            "module.prod_vpc.aws_nat_gateway.this",
            "module.prod_vpc.aws_subnet.this_sub_pub",
            "module.prod_vpc.aws_vpc.this"
          ]
        }
      ]
    },
    {
      "module": "module.prod_vpc",
      "mode": "managed",
      "type": "aws_route_table",
      "name": "this-r-t-pub",
      "provider": "provider[\"registry.terraform.io/hashicorp/aws\"]",
      "instances": [
        {
          "schema_version": 0,
          "attributes": {
            "arn": "arn:aws:ec2:us-east-1:080400906742:route-table/rtb-0f8163604503219d3",
            "id": "rtb-0f8163604503219d3",
            "owner_id": "080400906742",
            "propagating_vgws": [],
            "route": [
              {
                "carrier_gateway_id": "",
                "cidr_block": "0.0.0.0/0",
                "destination_prefix_list_id": "",
                "egress_only_gateway_id": "",
                "gateway_id": "igw-0d5dd81073f2e98c5",
                "instance_id": "",
                "ipv6_cidr_block": "",
                "local_gateway_id": "",
                "nat_gateway_id": "",
                "network_interface_id": "",
                "transit_gateway_id": "",
                "vpc_endpoint_id": "",
                "vpc_peering_connection_id": ""
              }
            ],
            "tags": {
              "Name": "ac-xl-joseher-prod-vpc-r-t-pub",
              "env": "ac-xl-terraform-lab"
            },
            "tags_all": {
              "Name": "ac-xl-joseher-prod-vpc-r-t-pub",
              "env": "ac-xl-terraform-lab"
            },
            "vpc_id": "vpc-0b40b909c68a4b9a8"
          },
          "sensitive_attributes": [],
          "private": "bnVsbA==",
          "dependencies": [
            "module.prod_vpc.aws_internet_gateway.this",
            "module.prod_vpc.aws_vpc.this"
          ]
        }
      ]
    },
    {
      "module": "module.prod_vpc",
      "mode": "managed",
      "type": "aws_route_table_association",
      "name": "this-as-pri",
      "provider": "provider[\"registry.terraform.io/hashicorp/aws\"]",
      "instances": [
        {
          "index_key": 0,
          "schema_version": 0,
          "attributes": {
            "gateway_id": "",
            "id": "rtbassoc-0e507cefaaf3cb3a8",
            "route_table_id": "rtb-0a6752dbd16a0adc5",
            "subnet_id": "subnet-07f062c393a1347b3"
          },
          "sensitive_attributes": [],
          "private": "bnVsbA==",
          "dependencies": [
            "module.prod_vpc.aws_eip.this",
            "module.prod_vpc.aws_nat_gateway.this",
            "module.prod_vpc.aws_route_table.this-r-t-pri",
            "module.prod_vpc.aws_subnet.this_sub_pri",
            "module.prod_vpc.aws_subnet.this_sub_pub",
            "module.prod_vpc.aws_vpc.this"
          ]
        }
      ]
    },
    {
      "module": "module.prod_vpc",
      "mode": "managed",
      "type": "aws_route_table_association",
      "name": "this-as-pub",
      "provider": "provider[\"registry.terraform.io/hashicorp/aws\"]",
      "instances": [
        {
          "index_key": 0,
          "schema_version": 0,
          "attributes": {
            "gateway_id": "",
            "id": "rtbassoc-0d0d7f33946ea08c4",
            "route_table_id": "rtb-0f8163604503219d3",
            "subnet_id": "subnet-0b557a48347f19fa0"
          },
          "sensitive_attributes": [],
          "private": "bnVsbA==",
          "dependencies": [
            "module.prod_vpc.aws_internet_gateway.this",
            "module.prod_vpc.aws_route_table.this-r-t-pub",
            "module.prod_vpc.aws_subnet.this_sub_pub",
            "module.prod_vpc.aws_vpc.this"
          ]
        },
        {
          "index_key": 1,
          "schema_version": 0,
          "attributes": {
            "gateway_id": "",
            "id": "rtbassoc-0033f4dda07f9c305",
            "route_table_id": "rtb-0f8163604503219d3",
            "subnet_id": "subnet-020a617fc0b828c09"
          },
          "sensitive_attributes": [],
          "private": "bnVsbA==",
          "dependencies": [
            "module.prod_vpc.aws_internet_gateway.this",
            "module.prod_vpc.aws_route_table.this-r-t-pub",
            "module.prod_vpc.aws_subnet.this_sub_pub",
            "module.prod_vpc.aws_vpc.this"
          ]
        }
      ]
    },
    {
      "module": "module.prod_vpc",
      "mode": "managed",
      "type": "aws_subnet",
      "name": "this_sub_pri",
      "provider": "provider[\"registry.terraform.io/hashicorp/aws\"]",
      "instances": [
        {
          "index_key": "private_subnet",
          "schema_version": 1,
          "attributes": {
            "arn": "arn:aws:ec2:us-east-1:080400906742:subnet/subnet-07f062c393a1347b3",
            "assign_ipv6_address_on_creation": false,
            "availability_zone": "us-east-1c",
            "availability_zone_id": "use1-az2",
            "cidr_block": "10.0.2.0/24",
            "customer_owned_ipv4_pool": "",
            "id": "subnet-07f062c393a1347b3",
            "ipv6_cidr_block": "",
            "ipv6_cidr_block_association_id": "",
            "map_customer_owned_ip_on_launch": false,
            "map_public_ip_on_launch": false,
            "outpost_arn": "",
            "owner_id": "080400906742",
            "tags": {
              "Name": "ac-xl-joseher-prod-vpc-private_subnet",
              "env": "ac-xl-terraform-lab"
            },
            "tags_all": {
              "Name": "ac-xl-joseher-prod-vpc-private_subnet",
              "env": "ac-xl-terraform-lab"
            },
            "timeouts": null,
            "vpc_id": "vpc-0b40b909c68a4b9a8"
          },
          "sensitive_attributes": [],
          "private": "eyJlMmJmYjczMC1lY2FhLTExZTYtOGY4OC0zNDM2M2JjN2M0YzAiOnsiY3JlYXRlIjo2MDAwMDAwMDAwMDAsImRlbGV0ZSI6MTIwMDAwMDAwMDAwMH0sInNjaGVtYV92ZXJzaW9uIjoiMSJ9",
          "dependencies": [
            "module.prod_vpc.aws_vpc.this"
          ]
        }
      ]
    },
    {
      "module": "module.prod_vpc",
      "mode": "managed",
      "type": "aws_subnet",
      "name": "this_sub_pub",
      "provider": "provider[\"registry.terraform.io/hashicorp/aws\"]",
      "instances": [
        {
          "index_key": "public_subnet_1",
          "schema_version": 1,
          "attributes": {
            "arn": "arn:aws:ec2:us-east-1:080400906742:subnet/subnet-0b557a48347f19fa0",
            "assign_ipv6_address_on_creation": false,
            "availability_zone": "us-east-1a",
            "availability_zone_id": "use1-az6",
            "cidr_block": "10.0.0.0/24",
            "customer_owned_ipv4_pool": "",
            "id": "subnet-0b557a48347f19fa0",
            "ipv6_cidr_block": "",
            "ipv6_cidr_block_association_id": "",
            "map_customer_owned_ip_on_launch": false,
            "map_public_ip_on_launch": true,
            "outpost_arn": "",
            "owner_id": "080400906742",
            "tags": {
              "Name": "ac-xl-joseher-prod-vpc-public_subnet_1",
              "env": "ac-xl-terraform-lab",
              "kubernetes.io/cluster/test-k8s-1": "shared",
              "kubernetes.io/role/elb": "1"
            },
            "tags_all": {
              "Name": "ac-xl-joseher-prod-vpc-public_subnet_1",
              "env": "ac-xl-terraform-lab",
              "kubernetes.io/cluster/test-k8s-1": "shared",
              "kubernetes.io/role/elb": "1"
            },
            "timeouts": null,
            "vpc_id": "vpc-0b40b909c68a4b9a8"
          },
          "sensitive_attributes": [],
          "private": "eyJlMmJmYjczMC1lY2FhLTExZTYtOGY4OC0zNDM2M2JjN2M0YzAiOnsiY3JlYXRlIjo2MDAwMDAwMDAwMDAsImRlbGV0ZSI6MTIwMDAwMDAwMDAwMH0sInNjaGVtYV92ZXJzaW9uIjoiMSJ9",
          "dependencies": [
            "module.prod_vpc.aws_vpc.this"
          ],
          "create_before_destroy": true
        },
        {
          "index_key": "public_subnet_2",
          "schema_version": 1,
          "attributes": {
            "arn": "arn:aws:ec2:us-east-1:080400906742:subnet/subnet-020a617fc0b828c09",
            "assign_ipv6_address_on_creation": false,
            "availability_zone": "us-east-1b",
            "availability_zone_id": "use1-az1",
            "cidr_block": "10.0.1.0/24",
            "customer_owned_ipv4_pool": "",
            "id": "subnet-020a617fc0b828c09",
            "ipv6_cidr_block": "",
            "ipv6_cidr_block_association_id": "",
            "map_customer_owned_ip_on_launch": false,
            "map_public_ip_on_launch": true,
            "outpost_arn": "",
            "owner_id": "080400906742",
            "tags": {
              "Name": "ac-xl-joseher-prod-vpc-public_subnet_2",
              "env": "ac-xl-terraform-lab",
              "kubernetes.io/cluster/test-k8s-1": "shared",
              "kubernetes.io/role/elb": "1"
            },
            "tags_all": {
              "Name": "ac-xl-joseher-prod-vpc-public_subnet_2",
              "env": "ac-xl-terraform-lab",
              "kubernetes.io/cluster/test-k8s-1": "shared",
              "kubernetes.io/role/elb": "1"
            },
            "timeouts": null,
            "vpc_id": "vpc-0b40b909c68a4b9a8"
          },
          "sensitive_attributes": [],
          "private": "eyJlMmJmYjczMC1lY2FhLTExZTYtOGY4OC0zNDM2M2JjN2M0YzAiOnsiY3JlYXRlIjo2MDAwMDAwMDAwMDAsImRlbGV0ZSI6MTIwMDAwMDAwMDAwMH0sInNjaGVtYV92ZXJzaW9uIjoiMSJ9",
          "dependencies": [
            "module.prod_vpc.aws_vpc.this"
          ],
          "create_before_destroy": true
        }
      ]
    },
    {
      "module": "module.prod_vpc",
      "mode": "managed",
      "type": "aws_vpc",
      "name": "this",
      "provider": "provider[\"registry.terraform.io/hashicorp/aws\"]",
      "instances": [
        {
          "schema_version": 1,
          "attributes": {
            "arn": "arn:aws:ec2:us-east-1:080400906742:vpc/vpc-0b40b909c68a4b9a8",
            "assign_generated_ipv6_cidr_block": false,
            "cidr_block": "10.0.0.0/16",
            "default_network_acl_id": "acl-03c049b6f0d18df0c",
            "default_route_table_id": "rtb-0d04828d3a36efc17",
            "default_security_group_id": "sg-08b11ed91f8f5e323",
            "dhcp_options_id": "dopt-0f8faf90dcaff6ab7",
            "enable_classiclink": false,
            "enable_classiclink_dns_support": false,
            "enable_dns_hostnames": true,
            "enable_dns_support": true,
            "id": "vpc-0b40b909c68a4b9a8",
            "instance_tenancy": "default",
            "ipv6_association_id": "",
            "ipv6_cidr_block": "",
            "main_route_table_id": "rtb-0d04828d3a36efc17",
            "owner_id": "080400906742",
            "tags": {
              "Name": "ac-xl-joseher-prod-vpc",
              "env": "ac-xl-terraform-lab"
            },
            "tags_all": {
              "Name": "ac-xl-joseher-prod-vpc",
              "env": "ac-xl-terraform-lab"
            }
          },
          "sensitive_attributes": [],
          "private": "eyJzY2hlbWFfdmVyc2lvbiI6IjEifQ==",
          "create_before_destroy": true
        }
      ]
    }
  ]
}
