{
  "version": 4,
  "terraform_version": "0.14.10",
  "serial": 47,
  "lineage": "e68bb5c0-b8fd-d827-7d87-f35f2d67fef9",
  "outputs": {},
  "resources": [
    {
      "mode": "data",
      "type": "aws_eks_cluster",
      "name": "cluster",
      "provider": "provider[\"registry.terraform.io/hashicorp/aws\"]",
      "instances": [
        {
          "schema_version": 0,
          "attributes": {
            "arn": "arn:aws:eks:us-east-1:819917586372:cluster/eks_cluster",
            "certificate_authority": [
              {
                "data": "LS0tLS1CRUdJTiBDRVJUSUZJQ0FURS0tLS0tCk1JSUM1ekNDQWMrZ0F3SUJBZ0lCQURBTkJna3Foa2lHOXcwQkFRc0ZBREFWTVJNd0VRWURWUVFERXdwcmRXSmwKY201bGRHVnpNQjRYRFRJeE1EZ3lNREUyTlRRd05Gb1hEVE14TURneE9ERTJOVFF3TkZvd0ZURVRNQkVHQTFVRQpBeE1LYTNWaVpYSnVaWFJsY3pDQ0FTSXdEUVlKS29aSWh2Y05BUUVCQlFBRGdnRVBBRENDQVFvQ2dnRUJBTXZmClhYRVNySngyNFNWMXJ3SEJtL3Z5RlJ5d3hia29YNkZ5UkgwZXNSZitneU5hbkJTa3BRazlISFZ0WmxYR01vSVAKSGlYMzd5a3NBY25Sd0tQWlNneEFWZWlubzl6U3dMUXdoZGduM2xtenplcGpXc2VBa3l3amVleTkreXV1blhKbgpGU3g3NHFXY2ZVQkNNcmw2V2JiN08wQmtqY0RyZFRFV1hGTlZhSE53Y1JLTjlQM0ZBbXIyYXI1TkErdGhSVktzCitZWmZNM2NZK0JScDF5QUY2NVdVZDkyYUVUVWViaUV3U1pJODJPYzdPYWFLUVoweXJ0STZGcEJCeW51czEweFEKRWxxQmVKejcyZmN1ZXJWWTNhQTM0aHFiVFlhSGIwdWIvU1RJdUFraHIrQVJlTjlvTXpyc1ZrSm4wZkgvekpHLwpyN3BRaCtIYWF5MWFWaXNLNDRjQ0F3RUFBYU5DTUVBd0RnWURWUjBQQVFIL0JBUURBZ0trTUE4R0ExVWRFd0VCCi93UUZNQU1CQWY4d0hRWURWUjBPQkJZRUZLQitCVWpqc2FpdWFpU2tQMTVUQXhSamFuOEZNQTBHQ1NxR1NJYjMKRFFFQkN3VUFBNElCQVFBTldvT2dKMmRlMnVKS1pRWFEvY2Mzc0ZwMlg4amMrU1ZqTTFkdkV6cWZPVFNEMXNxNQpqaHVucytGOVNPUm9WYkx6SUwxancwbEw3eWNRTzZNRWk4WFMvU2x1aElQZkQrMjA1eWZrSzJTdjVIc1RYRmxoCnFIc2VvWHp5YTJBckwyQVFOVmp1c0Vzd3VwZnVaTklURlovRlREQS9BZUZMbWhPTDBZbVNseXQ5Q0d6S0dDR0wKOXA3LzQ3N3ZSVnJLaXJsRUVtL3pvRDFRVUlsSERIV2lqcW9xTGpiZStnK25qeEhlNGZGeWRUVDRMVXRVSGlpLwpDV2JxNmYwTnJjNXpDM2NkYWMwbEVnbDYzNGU4SGxDR1dTdzRsS0w3bkFOamxvckdweWFMdHRkeGgyWkkzNTUyClJVYWZCR1JaR3FJMDZKQ3U1Vms0ZjBFWC9jdkYwanFJMUlncgotLS0tLUVORCBDRVJUSUZJQ0FURS0tLS0tCg=="
              }
            ],
            "created_at": "2021-08-20 16:46:49.413 +0000 UTC",
            "enabled_cluster_log_types": [],
            "endpoint": "https://59E9ADA2A08956EBFCF989BF11415BBA.gr7.us-east-1.eks.amazonaws.com",
            "id": "eks_cluster",
            "identity": [
              {
                "oidc": [
                  {
                    "issuer": "https://oidc.eks.us-east-1.amazonaws.com/id/59E9ADA2A08956EBFCF989BF11415BBA"
                  }
                ]
              }
            ],
            "kubernetes_network_config": [
              {
                "service_ipv4_cidr": "172.20.0.0/16"
              }
            ],
            "name": "eks_cluster",
            "platform_version": "eks.2",
            "role_arn": "arn:aws:iam::819917586372:role/eks_cluster20210820164612544400000002",
            "status": "ACTIVE",
            "tags": {},
            "version": "1.20",
            "vpc_config": [
              {
                "cluster_security_group_id": "sg-0da66e9229e596d9a",
                "endpoint_private_access": false,
                "endpoint_public_access": true,
                "public_access_cidrs": [
                  "0.0.0.0/0"
                ],
                "security_group_ids": [
                  "sg-09a543d1539ec5443"
                ],
                "subnet_ids": [
                  "subnet-038b94a6d040aeece",
                  "subnet-0a3fbf07df0433f9c"
                ],
                "vpc_id": "vpc-09d92d9f1fdeb6901"
              }
            ]
          },
          "sensitive_attributes": []
        }
      ]
    },
    {
      "mode": "data",
      "type": "aws_eks_cluster_auth",
      "name": "cluster",
      "provider": "provider[\"registry.terraform.io/hashicorp/aws\"]",
      "instances": [
        {
          "schema_version": 0,
          "attributes": {
            "id": "eks_cluster",
            "name": "eks_cluster",
            "token": "k8s-aws-v1.aHR0cHM6Ly9zdHMuYW1hem9uYXdzLmNvbS8_QWN0aW9uPUdldENhbGxlcklkZW50aXR5JlZlcnNpb249MjAxMS0wNi0xNSZYLUFtei1BbGdvcml0aG09QVdTNC1ITUFDLVNIQTI1NiZYLUFtei1DcmVkZW50aWFsPUFLSUEzNVpYRlA3Q01WNzNRSFVTJTJGMjAyMTA4MjAlMkZ1cy1lYXN0LTElMkZzdHMlMkZhd3M0X3JlcXVlc3QmWC1BbXotRGF0ZT0yMDIxMDgyMFQxNzA2MDBaJlgtQW16LUV4cGlyZXM9MCZYLUFtei1TaWduZWRIZWFkZXJzPWhvc3QlM0J4LWs4cy1hd3MtaWQmWC1BbXotU2lnbmF0dXJlPWUwNTBiYWI4NWE2MTExOTFiMDRlOGIwMDA5M2NkZGY3YzExYzFkNjE2MmNjNDhjNTVlMjQzOGI4OTNlM2Y1MDM"
          },
          "sensitive_attributes": []
        }
      ]
    },
    {
      "mode": "managed",
      "type": "aws_iam_instance_profile",
      "name": "node_profile",
      "provider": "provider[\"registry.terraform.io/hashicorp/aws\"]",
      "instances": [
        {
          "schema_version": 0,
          "attributes": {
            "arn": "arn:aws:iam::819917586372:instance-profile/eks_cluster",
            "create_date": "2021-08-20T16:46:16Z",
            "id": "eks_cluster",
            "name": "eks_cluster",
            "name_prefix": null,
            "path": "/",
            "role": "eks_cluster",
            "tags": {},
            "tags_all": {},
            "unique_id": "AIPA35ZXFP7CG55SX4NFB"
          },
          "sensitive_attributes": [],
          "private": "bnVsbA==",
          "dependencies": [
            "aws_iam_role.nodes"
          ]
        }
      ]
    },
    {
      "mode": "managed",
      "type": "aws_iam_policy",
      "name": "eks_cluster_full_access",
      "provider": "provider[\"registry.terraform.io/hashicorp/aws\"]",
      "instances": [
        {
          "schema_version": 0,
          "attributes": {
            "arn": "arn:aws:iam::819917586372:policy/eks_cluster_full_access",
            "description": "EKS access for Jenkins Server",
            "id": "arn:aws:iam::819917586372:policy/eks_cluster_full_access",
            "name": "eks_cluster_full_access",
            "name_prefix": null,
            "path": "/",
            "policy": "{\"Statement\":[{\"Action\":\"eks:*\",\"Effect\":\"Allow\",\"Resource\":\"*\",\"Sid\":\"eksadministrator\"}],\"Version\":\"2012-10-17\"}",
            "policy_id": "ANPA35ZXFP7CKEUM5BTQW",
            "tags": null,
            "tags_all": {}
          },
          "sensitive_attributes": [],
          "private": "bnVsbA=="
        }
      ]
    },
    {
      "mode": "managed",
      "type": "aws_iam_role",
      "name": "nodes",
      "provider": "provider[\"registry.terraform.io/hashicorp/aws\"]",
      "instances": [
        {
          "schema_version": 0,
          "attributes": {
            "arn": "arn:aws:iam::819917586372:role/eks_cluster",
            "assume_role_policy": "{\"Version\":\"2012-10-17\",\"Statement\":[{\"Sid\":\"\",\"Effect\":\"Allow\",\"Principal\":{\"Service\":\"ec2.amazonaws.com\"},\"Action\":\"sts:AssumeRole\"}]}",
            "create_date": "2021-08-20T16:46:13Z",
            "description": "",
            "force_detach_policies": false,
            "id": "eks_cluster",
            "inline_policy": [
              {
                "name": "",
                "policy": ""
              }
            ],
            "managed_policy_arns": [
              "arn:aws:iam::aws:policy/AmazonEC2ContainerRegistryReadOnly",
              "arn:aws:iam::aws:policy/AmazonEKSWorkerNodePolicy",
              "arn:aws:iam::aws:policy/AmazonEKS_CNI_Policy",
              "arn:aws:iam::aws:policy/ElasticLoadBalancingFullAccess"
            ],
            "max_session_duration": 3600,
            "name": "eks_cluster",
            "name_prefix": null,
            "path": "/",
            "permissions_boundary": null,
            "tags": {},
            "tags_all": {},
            "unique_id": "AROA35ZXFP7CJAFTJTQYN"
          },
          "sensitive_attributes": [],
          "private": "bnVsbA==",
          "create_before_destroy": true
        }
      ]
    },
    {
      "mode": "managed",
      "type": "aws_iam_role_policy_attachment",
      "name": "attachemt1",
      "provider": "provider[\"registry.terraform.io/hashicorp/aws\"]",
      "instances": [
        {
          "schema_version": 0,
          "attributes": {
            "id": "eks_cluster-20210820164616358000000008",
            "policy_arn": "arn:aws:iam::aws:policy/AmazonEKS_CNI_Policy",
            "role": "eks_cluster"
          },
          "sensitive_attributes": [],
          "private": "bnVsbA==",
          "dependencies": [
            "aws_iam_role.nodes"
          ]
        }
      ]
    },
    {
      "mode": "managed",
      "type": "aws_iam_role_policy_attachment",
      "name": "attachemt2",
      "provider": "provider[\"registry.terraform.io/hashicorp/aws\"]",
      "instances": [
        {
          "schema_version": 0,
          "attributes": {
            "id": "eks_cluster-2021082016461636210000000a",
            "policy_arn": "arn:aws:iam::aws:policy/AmazonEC2ContainerRegistryReadOnly",
            "role": "eks_cluster"
          },
          "sensitive_attributes": [],
          "private": "bnVsbA==",
          "dependencies": [
            "aws_iam_role.nodes"
          ]
        }
      ]
    },
    {
      "mode": "managed",
      "type": "aws_iam_role_policy_attachment",
      "name": "attachemt3",
      "provider": "provider[\"registry.terraform.io/hashicorp/aws\"]",
      "instances": [
        {
          "schema_version": 0,
          "attributes": {
            "id": "eks_cluster-20210820164616345100000007",
            "policy_arn": "arn:aws:iam::aws:policy/ElasticLoadBalancingFullAccess",
            "role": "eks_cluster"
          },
          "sensitive_attributes": [],
          "private": "bnVsbA==",
          "dependencies": [
            "aws_iam_role.nodes"
          ]
        }
      ]
    },
    {
      "mode": "managed",
      "type": "aws_iam_role_policy_attachment",
      "name": "attachemt4",
      "provider": "provider[\"registry.terraform.io/hashicorp/aws\"]",
      "instances": [
        {
          "schema_version": 0,
          "attributes": {
            "id": "eks_cluster-20210820164616358600000009",
            "policy_arn": "arn:aws:iam::aws:policy/AmazonEKSWorkerNodePolicy",
            "role": "eks_cluster"
          },
          "sensitive_attributes": [],
          "private": "bnVsbA==",
          "dependencies": [
            "aws_iam_role.nodes"
          ]
        }
      ]
    },
    {
      "mode": "managed",
      "type": "aws_iam_role_policy_attachment",
      "name": "attachment_eks_policy",
      "provider": "provider[\"registry.terraform.io/hashicorp/aws\"]",
      "instances": [
        {
          "schema_version": 0,
          "attributes": {
            "id": "eks_cluster-20210820170612155100000001",
            "policy_arn": "arn:aws:iam::819917586372:policy/eks_cluster_full_access",
            "role": "eks_cluster"
          },
          "sensitive_attributes": [],
          "private": "bnVsbA==",
          "dependencies": [
            "aws_iam_policy.eks_cluster_full_access",
            "aws_iam_role.nodes"
          ]
        }
      ]
    },
    {
      "module": "module.prod_k8s",
      "mode": "data",
      "type": "aws_caller_identity",
      "name": "current",
      "provider": "provider[\"registry.terraform.io/hashicorp/aws\"]",
      "instances": [
        {
          "schema_version": 0,
          "attributes": {
            "account_id": "819917586372",
            "arn": "arn:aws:iam::819917586372:user/cloud_user",
            "id": "819917586372",
            "user_id": "AIDA35ZXFP7CIEYDAXQU7"
          },
          "sensitive_attributes": []
        }
      ]
    },
    {
      "module": "module.prod_k8s",
      "mode": "data",
      "type": "aws_iam_policy_document",
      "name": "cluster_assume_role_policy",
      "provider": "provider[\"registry.terraform.io/hashicorp/aws\"]",
      "instances": [
        {
          "schema_version": 0,
          "attributes": {
            "id": "2764486067",
            "json": "{\n  \"Version\": \"2012-10-17\",\n  \"Statement\": [\n    {\n      \"Sid\": \"EKSClusterAssumeRole\",\n      \"Effect\": \"Allow\",\n      \"Action\": \"sts:AssumeRole\",\n      \"Principal\": {\n        \"Service\": \"eks.amazonaws.com\"\n      }\n    }\n  ]\n}",
            "override_json": null,
            "override_policy_documents": null,
            "policy_id": null,
            "source_json": null,
            "source_policy_documents": null,
            "statement": [
              {
                "actions": [
                  "sts:AssumeRole"
                ],
                "condition": [],
                "effect": "Allow",
                "not_actions": [],
                "not_principals": [],
                "not_resources": [],
                "principals": [
                  {
                    "identifiers": [
                      "eks.amazonaws.com"
                    ],
                    "type": "Service"
                  }
                ],
                "resources": [],
                "sid": "EKSClusterAssumeRole"
              }
            ],
            "version": "2012-10-17"
          },
          "sensitive_attributes": []
        }
      ]
    },
    {
      "module": "module.prod_k8s",
      "mode": "data",
      "type": "aws_iam_policy_document",
      "name": "cluster_elb_sl_role_creation",
      "provider": "provider[\"registry.terraform.io/hashicorp/aws\"]",
      "instances": [
        {
          "index_key": 0,
          "schema_version": 0,
          "attributes": {
            "id": "3709839417",
            "json": "{\n  \"Version\": \"2012-10-17\",\n  \"Statement\": [\n    {\n      \"Sid\": \"\",\n      \"Effect\": \"Allow\",\n      \"Action\": [\n        \"ec2:DescribeInternetGateways\",\n        \"ec2:DescribeAddresses\",\n        \"ec2:DescribeAccountAttributes\"\n      ],\n      \"Resource\": \"*\"\n    }\n  ]\n}",
            "override_json": null,
            "override_policy_documents": null,
            "policy_id": null,
            "source_json": null,
            "source_policy_documents": null,
            "statement": [
              {
                "actions": [
                  "ec2:DescribeAccountAttributes",
                  "ec2:DescribeAddresses",
                  "ec2:DescribeInternetGateways"
                ],
                "condition": [],
                "effect": "Allow",
                "not_actions": [],
                "not_principals": [],
                "not_resources": [],
                "principals": [],
                "resources": [
                  "*"
                ],
                "sid": ""
              }
            ],
            "version": "2012-10-17"
          },
          "sensitive_attributes": []
        }
      ]
    },
    {
      "module": "module.prod_k8s",
      "mode": "data",
      "type": "aws_iam_policy_document",
      "name": "workers_assume_role_policy",
      "provider": "provider[\"registry.terraform.io/hashicorp/aws\"]",
      "instances": [
        {
          "schema_version": 0,
          "attributes": {
            "id": "3778018924",
            "json": "{\n  \"Version\": \"2012-10-17\",\n  \"Statement\": [\n    {\n      \"Sid\": \"EKSWorkerAssumeRole\",\n      \"Effect\": \"Allow\",\n      \"Action\": \"sts:AssumeRole\",\n      \"Principal\": {\n        \"Service\": \"ec2.amazonaws.com\"\n      }\n    }\n  ]\n}",
            "override_json": null,
            "override_policy_documents": null,
            "policy_id": null,
            "source_json": null,
            "source_policy_documents": null,
            "statement": [
              {
                "actions": [
                  "sts:AssumeRole"
                ],
                "condition": [],
                "effect": "Allow",
                "not_actions": [],
                "not_principals": [],
                "not_resources": [],
                "principals": [
                  {
                    "identifiers": [
                      "ec2.amazonaws.com"
                    ],
                    "type": "Service"
                  }
                ],
                "resources": [],
                "sid": "EKSWorkerAssumeRole"
              }
            ],
            "version": "2012-10-17"
          },
          "sensitive_attributes": []
        }
      ]
    },
    {
      "module": "module.prod_k8s",
      "mode": "data",
      "type": "aws_partition",
      "name": "current",
      "provider": "provider[\"registry.terraform.io/hashicorp/aws\"]",
      "instances": [
        {
          "schema_version": 0,
          "attributes": {
            "dns_suffix": "amazonaws.com",
            "id": "aws",
            "partition": "aws",
            "reverse_dns_prefix": "com.amazonaws"
          },
          "sensitive_attributes": []
        }
      ]
    },
    {
      "module": "module.prod_k8s",
      "mode": "data",
      "type": "http",
      "name": "wait_for_cluster",
      "provider": "provider[\"registry.terraform.io/terraform-aws-modules/http\"]",
      "instances": [
        {
          "index_key": 0,
          "schema_version": 0,
          "attributes": {
            "body": "ok",
            "ca_certificate": "-----BEGIN CERTIFICATE-----\nMIIC5zCCAc+gAwIBAgIBADANBgkqhkiG9w0BAQsFADAVMRMwEQYDVQQDEwprdWJl\ncm5ldGVzMB4XDTIxMDgyMDE2NTQwNFoXDTMxMDgxODE2NTQwNFowFTETMBEGA1UE\nAxMKa3ViZXJuZXRlczCCASIwDQYJKoZIhvcNAQEBBQADggEPADCCAQoCggEBAMvf\nXXESrJx24SV1rwHBm/vyFRywxbkoX6FyRH0esRf+gyNanBSkpQk9HHVtZlXGMoIP\nHiX37yksAcnRwKPZSgxAVeino9zSwLQwhdgn3lmzzepjWseAkywjeey9+yuunXJn\nFSx74qWcfUBCMrl6Wbb7O0BkjcDrdTEWXFNVaHNwcRKN9P3FAmr2ar5NA+thRVKs\n+YZfM3cY+BRp1yAF65WUd92aETUebiEwSZI82Oc7OaaKQZ0yrtI6FpBBynus10xQ\nElqBeJz72fcuerVY3aA34hqbTYaHb0ub/STIuAkhr+AReN9oMzrsVkJn0fH/zJG/\nr7pQh+Haay1aVisK44cCAwEAAaNCMEAwDgYDVR0PAQH/BAQDAgKkMA8GA1UdEwEB\n/wQFMAMBAf8wHQYDVR0OBBYEFKB+BUjjsaiuaiSkP15TAxRjan8FMA0GCSqGSIb3\nDQEBCwUAA4IBAQANWoOgJ2de2uJKZQXQ/cc3sFp2X8jc+SVjM1dvEzqfOTSD1sq5\njhuns+F9SORoVbLzIL1jw0lL7ycQO6MEi8XS/SluhIPfD+205yfkK2Sv5HsTXFlh\nqHseoXzya2ArL2AQNVjusEswupfuZNITFZ/FTDA/AeFLmhOL0YmSlyt9CGzKGCGL\n9p7/477vRVrKirlEEm/zoD1QUIlHDHWijqoqLjbe+g+njxHe4fFydTT4LUtUHii/\nCWbq6f0Nrc5zC3cdac0lEgl634e8HlCGWSw4lKL7nANjlorGpyaLttdxh2ZI3552\nRUafBGRZGqI06JCu5Vk4f0EX/cvF0jqI1Igr\n-----END CERTIFICATE-----\n",
            "id": "https://59E9ADA2A08956EBFCF989BF11415BBA.gr7.us-east-1.eks.amazonaws.com/healthz",
            "insecure": false,
            "request_headers": null,
            "response_headers": {
              "Cache-Control": "no-cache, private",
              "Content-Length": "2",
              "Content-Type": "text/plain; charset=utf-8",
              "Date": "Fri, 20 Aug 2021 17:05:59 GMT",
              "X-Content-Type-Options": "nosniff",
              "X-Kubernetes-Pf-Flowschema-Uid": "be111dd8-b719-479d-b64d-cb6f9f8a4705",
              "X-Kubernetes-Pf-Prioritylevel-Uid": "e4068c52-a2f7-4234-8d00-4f2636496270"
            },
            "timeout": 300,
            "url": "https://59E9ADA2A08956EBFCF989BF11415BBA.gr7.us-east-1.eks.amazonaws.com/healthz"
          },
          "sensitive_attributes": []
        }
      ]
    },
    {
      "module": "module.prod_k8s",
      "mode": "managed",
      "type": "aws_eks_cluster",
      "name": "this",
      "provider": "provider[\"registry.terraform.io/hashicorp/aws\"]",
      "instances": [
        {
          "index_key": 0,
          "schema_version": 0,
          "attributes": {
            "arn": "arn:aws:eks:us-east-1:819917586372:cluster/eks_cluster",
            "certificate_authority": [
              {
                "data": "LS0tLS1CRUdJTiBDRVJUSUZJQ0FURS0tLS0tCk1JSUM1ekNDQWMrZ0F3SUJBZ0lCQURBTkJna3Foa2lHOXcwQkFRc0ZBREFWTVJNd0VRWURWUVFERXdwcmRXSmwKY201bGRHVnpNQjRYRFRJeE1EZ3lNREUyTlRRd05Gb1hEVE14TURneE9ERTJOVFF3TkZvd0ZURVRNQkVHQTFVRQpBeE1LYTNWaVpYSnVaWFJsY3pDQ0FTSXdEUVlKS29aSWh2Y05BUUVCQlFBRGdnRVBBRENDQVFvQ2dnRUJBTXZmClhYRVNySngyNFNWMXJ3SEJtL3Z5RlJ5d3hia29YNkZ5UkgwZXNSZitneU5hbkJTa3BRazlISFZ0WmxYR01vSVAKSGlYMzd5a3NBY25Sd0tQWlNneEFWZWlubzl6U3dMUXdoZGduM2xtenplcGpXc2VBa3l3amVleTkreXV1blhKbgpGU3g3NHFXY2ZVQkNNcmw2V2JiN08wQmtqY0RyZFRFV1hGTlZhSE53Y1JLTjlQM0ZBbXIyYXI1TkErdGhSVktzCitZWmZNM2NZK0JScDF5QUY2NVdVZDkyYUVUVWViaUV3U1pJODJPYzdPYWFLUVoweXJ0STZGcEJCeW51czEweFEKRWxxQmVKejcyZmN1ZXJWWTNhQTM0aHFiVFlhSGIwdWIvU1RJdUFraHIrQVJlTjlvTXpyc1ZrSm4wZkgvekpHLwpyN3BRaCtIYWF5MWFWaXNLNDRjQ0F3RUFBYU5DTUVBd0RnWURWUjBQQVFIL0JBUURBZ0trTUE4R0ExVWRFd0VCCi93UUZNQU1CQWY4d0hRWURWUjBPQkJZRUZLQitCVWpqc2FpdWFpU2tQMTVUQXhSamFuOEZNQTBHQ1NxR1NJYjMKRFFFQkN3VUFBNElCQVFBTldvT2dKMmRlMnVKS1pRWFEvY2Mzc0ZwMlg4amMrU1ZqTTFkdkV6cWZPVFNEMXNxNQpqaHVucytGOVNPUm9WYkx6SUwxancwbEw3eWNRTzZNRWk4WFMvU2x1aElQZkQrMjA1eWZrSzJTdjVIc1RYRmxoCnFIc2VvWHp5YTJBckwyQVFOVmp1c0Vzd3VwZnVaTklURlovRlREQS9BZUZMbWhPTDBZbVNseXQ5Q0d6S0dDR0wKOXA3LzQ3N3ZSVnJLaXJsRUVtL3pvRDFRVUlsSERIV2lqcW9xTGpiZStnK25qeEhlNGZGeWRUVDRMVXRVSGlpLwpDV2JxNmYwTnJjNXpDM2NkYWMwbEVnbDYzNGU4SGxDR1dTdzRsS0w3bkFOamxvckdweWFMdHRkeGgyWkkzNTUyClJVYWZCR1JaR3FJMDZKQ3U1Vms0ZjBFWC9jdkYwanFJMUlncgotLS0tLUVORCBDRVJUSUZJQ0FURS0tLS0tCg=="
              }
            ],
            "created_at": "2021-08-20 16:46:49.413 +0000 UTC",
            "enabled_cluster_log_types": [],
            "encryption_config": [],
            "endpoint": "https://59E9ADA2A08956EBFCF989BF11415BBA.gr7.us-east-1.eks.amazonaws.com",
            "id": "eks_cluster",
            "identity": [
              {
                "oidc": [
                  {
                    "issuer": "https://oidc.eks.us-east-1.amazonaws.com/id/59E9ADA2A08956EBFCF989BF11415BBA"
                  }
                ]
              }
            ],
            "kubernetes_network_config": [
              {
                "service_ipv4_cidr": "172.20.0.0/16"
              }
            ],
            "name": "eks_cluster",
            "platform_version": "eks.2",
            "role_arn": "arn:aws:iam::819917586372:role/eks_cluster20210820164612544400000002",
            "status": "ACTIVE",
            "tags": {},
            "tags_all": {},
            "timeouts": {
              "create": "30m",
              "delete": "15m",
              "update": null
            },
            "version": "1.20",
            "vpc_config": [
              {
                "cluster_security_group_id": "sg-0da66e9229e596d9a",
                "endpoint_private_access": false,
                "endpoint_public_access": true,
                "public_access_cidrs": [
                  "0.0.0.0/0"
                ],
                "security_group_ids": [
                  "sg-09a543d1539ec5443"
                ],
                "subnet_ids": [
                  "subnet-038b94a6d040aeece",
                  "subnet-0a3fbf07df0433f9c"
                ],
                "vpc_id": "vpc-09d92d9f1fdeb6901"
              }
            ]
          },
          "sensitive_attributes": [],
          "private": "eyJlMmJmYjczMC1lY2FhLTExZTYtOGY4OC0zNDM2M2JjN2M0YzAiOnsiY3JlYXRlIjoxODAwMDAwMDAwMDAwLCJkZWxldGUiOjkwMDAwMDAwMDAwMCwidXBkYXRlIjozNjAwMDAwMDAwMDAwfX0=",
          "dependencies": [
            "module.prod_k8s.aws_cloudwatch_log_group.this",
            "module.prod_k8s.aws_iam_role.cluster",
            "module.prod_k8s.aws_iam_role_policy_attachment.cluster_AmazonEKSClusterPolicy",
            "module.prod_k8s.aws_iam_role_policy_attachment.cluster_AmazonEKSServicePolicy",
            "module.prod_k8s.aws_iam_role_policy_attachment.cluster_AmazonEKSVPCResourceControllerPolicy",
            "module.prod_k8s.aws_security_group.cluster",
            "module.prod_k8s.aws_security_group.workers",
            "module.prod_k8s.aws_security_group_rule.cluster_egress_internet",
            "module.prod_k8s.aws_security_group_rule.cluster_https_worker_ingress",
            "module.prod_k8s.data.aws_iam_policy_document.cluster_assume_role_policy",
            "module.prod_k8s.data.aws_iam_role.custom_cluster_iam_role",
            "module.prod_k8s.data.aws_partition.current",
            "module.prod_vpc.aws_subnet.this_sub_pub",
            "module.prod_vpc.aws_vpc.this"
          ],
          "create_before_destroy": true
        }
      ]
    },
    {
      "module": "module.prod_k8s",
      "mode": "managed",
      "type": "aws_iam_policy",
      "name": "cluster_elb_sl_role_creation",
      "provider": "provider[\"registry.terraform.io/hashicorp/aws\"]",
      "instances": [
        {
          "index_key": 0,
          "schema_version": 0,
          "attributes": {
            "arn": "arn:aws:iam::819917586372:policy/eks_cluster-elb-sl-role-creation20210820164612536100000001",
            "description": "Permissions for EKS to create AWSServiceRoleForElasticLoadBalancing service-linked role",
            "id": "arn:aws:iam::819917586372:policy/eks_cluster-elb-sl-role-creation20210820164612536100000001",
            "name": "eks_cluster-elb-sl-role-creation20210820164612536100000001",
            "name_prefix": "eks_cluster-elb-sl-role-creation",
            "path": "/",
            "policy": "{\n  \"Version\": \"2012-10-17\",\n  \"Statement\": [\n    {\n      \"Sid\": \"\",\n      \"Effect\": \"Allow\",\n      \"Action\": [\n        \"ec2:DescribeInternetGateways\",\n        \"ec2:DescribeAddresses\",\n        \"ec2:DescribeAccountAttributes\"\n      ],\n      \"Resource\": \"*\"\n    }\n  ]\n}",
            "policy_id": "ANPA35ZXFP7CFDU6JEEIU",
            "tags": {},
            "tags_all": {}
          },
          "sensitive_attributes": [],
          "private": "bnVsbA==",
          "dependencies": [
            "module.prod_k8s.data.aws_iam_policy_document.cluster_elb_sl_role_creation"
          ]
        }
      ]
    },
    {
      "module": "module.prod_k8s",
      "mode": "managed",
      "type": "aws_iam_role",
      "name": "cluster",
      "provider": "provider[\"registry.terraform.io/hashicorp/aws\"]",
      "instances": [
        {
          "index_key": 0,
          "schema_version": 0,
          "attributes": {
            "arn": "arn:aws:iam::819917586372:role/eks_cluster20210820164612544400000002",
            "assume_role_policy": "{\"Version\":\"2012-10-17\",\"Statement\":[{\"Sid\":\"EKSClusterAssumeRole\",\"Effect\":\"Allow\",\"Principal\":{\"Service\":\"eks.amazonaws.com\"},\"Action\":\"sts:AssumeRole\"}]}",
            "create_date": "2021-08-20T16:46:13Z",
            "description": "",
            "force_detach_policies": true,
            "id": "eks_cluster20210820164612544400000002",
            "inline_policy": [
              {
                "name": "",
                "policy": ""
              }
            ],
            "managed_policy_arns": [
              "arn:aws:iam::819917586372:policy/eks_cluster-elb-sl-role-creation20210820164612536100000001",
              "arn:aws:iam::aws:policy/AmazonEKSClusterPolicy",
              "arn:aws:iam::aws:policy/AmazonEKSServicePolicy",
              "arn:aws:iam::aws:policy/AmazonEKSVPCResourceController"
            ],
            "max_session_duration": 3600,
            "name": "eks_cluster20210820164612544400000002",
            "name_prefix": "eks_cluster",
            "path": "/",
            "permissions_boundary": null,
            "tags": {},
            "tags_all": {},
            "unique_id": "AROA35ZXFP7CMJRUTB6NJ"
          },
          "sensitive_attributes": [],
          "private": "bnVsbA==",
          "dependencies": [
            "module.prod_k8s.data.aws_iam_policy_document.cluster_assume_role_policy"
          ],
          "create_before_destroy": true
        }
      ]
    },
    {
      "module": "module.prod_k8s",
      "mode": "managed",
      "type": "aws_iam_role",
      "name": "workers",
      "provider": "provider[\"registry.terraform.io/hashicorp/aws\"]",
      "instances": [
        {
          "index_key": 0,
          "schema_version": 0,
          "attributes": {
            "arn": "arn:aws:iam::819917586372:role/eks_cluster2021082016584970830000000d",
            "assume_role_policy": "{\"Version\":\"2012-10-17\",\"Statement\":[{\"Sid\":\"EKSWorkerAssumeRole\",\"Effect\":\"Allow\",\"Principal\":{\"Service\":\"ec2.amazonaws.com\"},\"Action\":\"sts:AssumeRole\"}]}",
            "create_date": "2021-08-20T16:58:50Z",
            "description": "",
            "force_detach_policies": true,
            "id": "eks_cluster2021082016584970830000000d",
            "inline_policy": [
              {
                "name": "",
                "policy": ""
              }
            ],
            "managed_policy_arns": [
              "arn:aws:iam::aws:policy/AmazonEC2ContainerRegistryReadOnly",
              "arn:aws:iam::aws:policy/AmazonEKSWorkerNodePolicy",
              "arn:aws:iam::aws:policy/AmazonEKS_CNI_Policy"
            ],
            "max_session_duration": 3600,
            "name": "eks_cluster2021082016584970830000000d",
            "name_prefix": "eks_cluster",
            "path": "/",
            "permissions_boundary": null,
            "tags": {},
            "tags_all": {},
            "unique_id": "AROA35ZXFP7CNSUSY464H"
          },
          "sensitive_attributes": [],
          "private": "bnVsbA==",
          "dependencies": [
            "module.prod_k8s.aws_cloudwatch_log_group.this",
            "module.prod_k8s.aws_eks_cluster.this",
            "module.prod_k8s.aws_iam_role.cluster",
            "module.prod_k8s.aws_iam_role_policy_attachment.cluster_AmazonEKSClusterPolicy",
            "module.prod_k8s.aws_iam_role_policy_attachment.cluster_AmazonEKSServicePolicy",
            "module.prod_k8s.aws_iam_role_policy_attachment.cluster_AmazonEKSVPCResourceControllerPolicy",
            "module.prod_k8s.aws_security_group.cluster",
            "module.prod_k8s.aws_security_group.workers",
            "module.prod_k8s.aws_security_group_rule.cluster_egress_internet",
            "module.prod_k8s.aws_security_group_rule.cluster_https_worker_ingress",
            "module.prod_k8s.data.aws_iam_policy_document.cluster_assume_role_policy",
            "module.prod_k8s.data.aws_iam_policy_document.workers_assume_role_policy",
            "module.prod_k8s.data.aws_iam_role.custom_cluster_iam_role",
            "module.prod_k8s.data.aws_partition.current",
            "module.prod_vpc.aws_subnet.this_sub_pub",
            "module.prod_vpc.aws_vpc.this"
          ],
          "create_before_destroy": true
        }
      ]
    },
    {
      "module": "module.prod_k8s",
      "mode": "managed",
      "type": "aws_iam_role_policy_attachment",
      "name": "cluster_AmazonEKSClusterPolicy",
      "provider": "provider[\"registry.terraform.io/hashicorp/aws\"]",
      "instances": [
        {
          "index_key": 0,
          "schema_version": 0,
          "attributes": {
            "id": "eks_cluster20210820164612544400000002-20210820164616308600000004",
            "policy_arn": "arn:aws:iam::aws:policy/AmazonEKSClusterPolicy",
            "role": "eks_cluster20210820164612544400000002"
          },
          "sensitive_attributes": [],
          "private": "bnVsbA==",
          "dependencies": [
            "module.prod_k8s.aws_iam_role.cluster",
            "module.prod_k8s.data.aws_iam_policy_document.cluster_assume_role_policy",
            "module.prod_k8s.data.aws_partition.current"
          ],
          "create_before_destroy": true
        }
      ]
    },
    {
      "module": "module.prod_k8s",
      "mode": "managed",
      "type": "aws_iam_role_policy_attachment",
      "name": "cluster_AmazonEKSServicePolicy",
      "provider": "provider[\"registry.terraform.io/hashicorp/aws\"]",
      "instances": [
        {
          "index_key": 0,
          "schema_version": 0,
          "attributes": {
            "id": "eks_cluster20210820164612544400000002-20210820164616335800000006",
            "policy_arn": "arn:aws:iam::aws:policy/AmazonEKSServicePolicy",
            "role": "eks_cluster20210820164612544400000002"
          },
          "sensitive_attributes": [],
          "private": "bnVsbA==",
          "dependencies": [
            "module.prod_k8s.aws_iam_role.cluster",
            "module.prod_k8s.data.aws_iam_policy_document.cluster_assume_role_policy",
            "module.prod_k8s.data.aws_partition.current"
          ],
          "create_before_destroy": true
        }
      ]
    },
    {
      "module": "module.prod_k8s",
      "mode": "managed",
      "type": "aws_iam_role_policy_attachment",
      "name": "cluster_AmazonEKSVPCResourceControllerPolicy",
      "provider": "provider[\"registry.terraform.io/hashicorp/aws\"]",
      "instances": [
        {
          "index_key": 0,
          "schema_version": 0,
          "attributes": {
            "id": "eks_cluster20210820164612544400000002-20210820164616310100000005",
            "policy_arn": "arn:aws:iam::aws:policy/AmazonEKSVPCResourceController",
            "role": "eks_cluster20210820164612544400000002"
          },
          "sensitive_attributes": [],
          "private": "bnVsbA==",
          "dependencies": [
            "module.prod_k8s.aws_iam_role.cluster",
            "module.prod_k8s.data.aws_iam_policy_document.cluster_assume_role_policy",
            "module.prod_k8s.data.aws_partition.current"
          ],
          "create_before_destroy": true
        }
      ]
    },
    {
      "module": "module.prod_k8s",
      "mode": "managed",
      "type": "aws_iam_role_policy_attachment",
      "name": "cluster_elb_sl_role_creation",
      "provider": "provider[\"registry.terraform.io/hashicorp/aws\"]",
      "instances": [
        {
          "index_key": 0,
          "schema_version": 0,
          "attributes": {
            "id": "eks_cluster20210820164612544400000002-20210820164616306300000003",
            "policy_arn": "arn:aws:iam::819917586372:policy/eks_cluster-elb-sl-role-creation20210820164612536100000001",
            "role": "eks_cluster20210820164612544400000002"
          },
          "sensitive_attributes": [],
          "private": "bnVsbA==",
          "dependencies": [
            "module.prod_k8s.aws_iam_policy.cluster_elb_sl_role_creation",
            "module.prod_k8s.aws_iam_role.cluster",
            "module.prod_k8s.data.aws_iam_policy_document.cluster_assume_role_policy",
            "module.prod_k8s.data.aws_iam_policy_document.cluster_elb_sl_role_creation"
          ]
        }
      ]
    },
    {
      "module": "module.prod_k8s",
      "mode": "managed",
      "type": "aws_iam_role_policy_attachment",
      "name": "workers_AmazonEC2ContainerRegistryReadOnly",
      "provider": "provider[\"registry.terraform.io/hashicorp/aws\"]",
      "instances": [
        {
          "index_key": 0,
          "schema_version": 0,
          "attributes": {
            "id": "eks_cluster2021082016584970830000000d-20210820165853488800000010",
            "policy_arn": "arn:aws:iam::aws:policy/AmazonEC2ContainerRegistryReadOnly",
            "role": "eks_cluster2021082016584970830000000d"
          },
          "sensitive_attributes": [],
          "private": "bnVsbA==",
          "dependencies": [
            "module.prod_k8s.aws_cloudwatch_log_group.this",
            "module.prod_k8s.aws_eks_cluster.this",
            "module.prod_k8s.aws_iam_role.cluster",
            "module.prod_k8s.aws_iam_role.workers",
            "module.prod_k8s.aws_iam_role_policy_attachment.cluster_AmazonEKSClusterPolicy",
            "module.prod_k8s.aws_iam_role_policy_attachment.cluster_AmazonEKSServicePolicy",
            "module.prod_k8s.aws_iam_role_policy_attachment.cluster_AmazonEKSVPCResourceControllerPolicy",
            "module.prod_k8s.aws_security_group.cluster",
            "module.prod_k8s.aws_security_group.workers",
            "module.prod_k8s.aws_security_group_rule.cluster_egress_internet",
            "module.prod_k8s.aws_security_group_rule.cluster_https_worker_ingress",
            "module.prod_k8s.data.aws_iam_policy_document.cluster_assume_role_policy",
            "module.prod_k8s.data.aws_iam_policy_document.workers_assume_role_policy",
            "module.prod_k8s.data.aws_iam_role.custom_cluster_iam_role",
            "module.prod_k8s.data.aws_partition.current",
            "module.prod_vpc.aws_subnet.this_sub_pub",
            "module.prod_vpc.aws_vpc.this"
          ],
          "create_before_destroy": true
        }
      ]
    },
    {
      "module": "module.prod_k8s",
      "mode": "managed",
      "type": "aws_iam_role_policy_attachment",
      "name": "workers_AmazonEKSWorkerNodePolicy",
      "provider": "provider[\"registry.terraform.io/hashicorp/aws\"]",
      "instances": [
        {
          "index_key": 0,
          "schema_version": 0,
          "attributes": {
            "id": "eks_cluster2021082016584970830000000d-2021082016585348840000000f",
            "policy_arn": "arn:aws:iam::aws:policy/AmazonEKSWorkerNodePolicy",
            "role": "eks_cluster2021082016584970830000000d"
          },
          "sensitive_attributes": [],
          "private": "bnVsbA==",
          "dependencies": [
            "module.prod_k8s.aws_cloudwatch_log_group.this",
            "module.prod_k8s.aws_eks_cluster.this",
            "module.prod_k8s.aws_iam_role.cluster",
            "module.prod_k8s.aws_iam_role.workers",
            "module.prod_k8s.aws_iam_role_policy_attachment.cluster_AmazonEKSClusterPolicy",
            "module.prod_k8s.aws_iam_role_policy_attachment.cluster_AmazonEKSServicePolicy",
            "module.prod_k8s.aws_iam_role_policy_attachment.cluster_AmazonEKSVPCResourceControllerPolicy",
            "module.prod_k8s.aws_security_group.cluster",
            "module.prod_k8s.aws_security_group.workers",
            "module.prod_k8s.aws_security_group_rule.cluster_egress_internet",
            "module.prod_k8s.aws_security_group_rule.cluster_https_worker_ingress",
            "module.prod_k8s.data.aws_iam_policy_document.cluster_assume_role_policy",
            "module.prod_k8s.data.aws_iam_policy_document.workers_assume_role_policy",
            "module.prod_k8s.data.aws_iam_role.custom_cluster_iam_role",
            "module.prod_k8s.data.aws_partition.current",
            "module.prod_vpc.aws_subnet.this_sub_pub",
            "module.prod_vpc.aws_vpc.this"
          ],
          "create_before_destroy": true
        }
      ]
    },
    {
      "module": "module.prod_k8s",
      "mode": "managed",
      "type": "aws_iam_role_policy_attachment",
      "name": "workers_AmazonEKS_CNI_Policy",
      "provider": "provider[\"registry.terraform.io/hashicorp/aws\"]",
      "instances": [
        {
          "index_key": 0,
          "schema_version": 0,
          "attributes": {
            "id": "eks_cluster2021082016584970830000000d-2021082016585348360000000e",
            "policy_arn": "arn:aws:iam::aws:policy/AmazonEKS_CNI_Policy",
            "role": "eks_cluster2021082016584970830000000d"
          },
          "sensitive_attributes": [],
          "private": "bnVsbA==",
          "dependencies": [
            "module.prod_k8s.aws_cloudwatch_log_group.this",
            "module.prod_k8s.aws_eks_cluster.this",
            "module.prod_k8s.aws_iam_role.cluster",
            "module.prod_k8s.aws_iam_role.workers",
            "module.prod_k8s.aws_iam_role_policy_attachment.cluster_AmazonEKSClusterPolicy",
            "module.prod_k8s.aws_iam_role_policy_attachment.cluster_AmazonEKSServicePolicy",
            "module.prod_k8s.aws_iam_role_policy_attachment.cluster_AmazonEKSVPCResourceControllerPolicy",
            "module.prod_k8s.aws_security_group.cluster",
            "module.prod_k8s.aws_security_group.workers",
            "module.prod_k8s.aws_security_group_rule.cluster_egress_internet",
            "module.prod_k8s.aws_security_group_rule.cluster_https_worker_ingress",
            "module.prod_k8s.data.aws_iam_policy_document.cluster_assume_role_policy",
            "module.prod_k8s.data.aws_iam_policy_document.workers_assume_role_policy",
            "module.prod_k8s.data.aws_iam_role.custom_cluster_iam_role",
            "module.prod_k8s.data.aws_partition.current",
            "module.prod_vpc.aws_subnet.this_sub_pub",
            "module.prod_vpc.aws_vpc.this"
          ],
          "create_before_destroy": true
        }
      ]
    },
    {
      "module": "module.prod_k8s",
      "mode": "managed",
      "type": "aws_security_group",
      "name": "cluster",
      "provider": "provider[\"registry.terraform.io/hashicorp/aws\"]",
      "instances": [
        {
          "index_key": 0,
          "schema_version": 1,
          "attributes": {
            "arn": "arn:aws:ec2:us-east-1:819917586372:security-group/sg-09a543d1539ec5443",
            "description": "EKS cluster security group.",
            "egress": [
              {
                "cidr_blocks": [
                  "0.0.0.0/0"
                ],
                "description": "Allow cluster egress access to the Internet.",
                "from_port": 0,
                "ipv6_cidr_blocks": [],
                "prefix_list_ids": [],
                "protocol": "-1",
                "security_groups": [],
                "self": false,
                "to_port": 0
              }
            ],
            "id": "sg-09a543d1539ec5443",
            "ingress": [
              {
                "cidr_blocks": [],
                "description": "Allow pods to communicate with the EKS cluster API.",
                "from_port": 443,
                "ipv6_cidr_blocks": [],
                "prefix_list_ids": [],
                "protocol": "tcp",
                "security_groups": [
                  "sg-0e3241080d40b8f4a"
                ],
                "self": false,
                "to_port": 443
              }
            ],
            "name": "eks_cluster2021082016463272410000000b",
            "name_prefix": "eks_cluster",
            "owner_id": "819917586372",
            "revoke_rules_on_delete": false,
            "tags": {
              "Name": "eks_cluster-eks_cluster_sg"
            },
            "tags_all": {
              "Name": "eks_cluster-eks_cluster_sg"
            },
            "timeouts": null,
            "vpc_id": "vpc-09d92d9f1fdeb6901"
          },
          "sensitive_attributes": [],
          "private": "eyJlMmJmYjczMC1lY2FhLTExZTYtOGY4OC0zNDM2M2JjN2M0YzAiOnsiY3JlYXRlIjo2MDAwMDAwMDAwMDAsImRlbGV0ZSI6OTAwMDAwMDAwMDAwfSwic2NoZW1hX3ZlcnNpb24iOiIxIn0=",
          "dependencies": [
            "module.prod_vpc.aws_vpc.this"
          ],
          "create_before_destroy": true
        }
      ]
    },
    {
      "module": "module.prod_k8s",
      "mode": "managed",
      "type": "aws_security_group",
      "name": "workers",
      "provider": "provider[\"registry.terraform.io/hashicorp/aws\"]",
      "instances": [
        {
          "index_key": 0,
          "schema_version": 1,
          "attributes": {
            "arn": "arn:aws:ec2:us-east-1:819917586372:security-group/sg-0e3241080d40b8f4a",
            "description": "Security group for all nodes in the cluster.",
            "egress": [
              {
                "cidr_blocks": [
                  "0.0.0.0/0"
                ],
                "description": "Allow nodes all egress to the Internet.",
                "from_port": 0,
                "ipv6_cidr_blocks": [],
                "prefix_list_ids": [],
                "protocol": "-1",
                "security_groups": [],
                "self": false,
                "to_port": 0
              }
            ],
            "id": "sg-0e3241080d40b8f4a",
            "ingress": [
              {
                "cidr_blocks": [],
                "description": "Allow node to communicate with each other.",
                "from_port": 0,
                "ipv6_cidr_blocks": [],
                "prefix_list_ids": [],
                "protocol": "-1",
                "security_groups": [],
                "self": true,
                "to_port": 0
              },
              {
                "cidr_blocks": [],
                "description": "Allow pods running extension API servers on port 443 to receive communication from cluster control plane.",
                "from_port": 443,
                "ipv6_cidr_blocks": [],
                "prefix_list_ids": [],
                "protocol": "tcp",
                "security_groups": [
                  "sg-09a543d1539ec5443"
                ],
                "self": false,
                "to_port": 443
              },
              {
                "cidr_blocks": [],
                "description": "Allow workers pods to receive communication from the cluster control plane.",
                "from_port": 1025,
                "ipv6_cidr_blocks": [],
                "prefix_list_ids": [],
                "protocol": "tcp",
                "security_groups": [
                  "sg-09a543d1539ec5443"
                ],
                "self": false,
                "to_port": 65535
              }
            ],
            "name": "eks_cluster2021082016463273530000000c",
            "name_prefix": "eks_cluster",
            "owner_id": "819917586372",
            "revoke_rules_on_delete": false,
            "tags": {
              "Name": "eks_cluster-eks_worker_sg",
              "kubernetes.io/cluster/eks_cluster": "owned"
            },
            "tags_all": {
              "Name": "eks_cluster-eks_worker_sg",
              "kubernetes.io/cluster/eks_cluster": "owned"
            },
            "timeouts": null,
            "vpc_id": "vpc-09d92d9f1fdeb6901"
          },
          "sensitive_attributes": [],
          "private": "eyJlMmJmYjczMC1lY2FhLTExZTYtOGY4OC0zNDM2M2JjN2M0YzAiOnsiY3JlYXRlIjo2MDAwMDAwMDAwMDAsImRlbGV0ZSI6OTAwMDAwMDAwMDAwfSwic2NoZW1hX3ZlcnNpb24iOiIxIn0=",
          "dependencies": [
            "module.prod_vpc.aws_vpc.this"
          ],
          "create_before_destroy": true
        }
      ]
    },
    {
      "module": "module.prod_k8s",
      "mode": "managed",
      "type": "aws_security_group_rule",
      "name": "cluster_egress_internet",
      "provider": "provider[\"registry.terraform.io/hashicorp/aws\"]",
      "instances": [
        {
          "index_key": 0,
          "schema_version": 2,
          "attributes": {
            "cidr_blocks": [
              "0.0.0.0/0"
            ],
            "description": "Allow cluster egress access to the Internet.",
            "from_port": 0,
            "id": "sgrule-3948704610",
            "ipv6_cidr_blocks": [],
            "prefix_list_ids": [],
            "protocol": "-1",
            "security_group_id": "sg-09a543d1539ec5443",
            "self": false,
            "source_security_group_id": null,
            "to_port": 0,
            "type": "egress"
          },
          "sensitive_attributes": [],
          "private": "eyJzY2hlbWFfdmVyc2lvbiI6IjIifQ==",
          "dependencies": [
            "module.prod_k8s.aws_security_group.cluster",
            "module.prod_vpc.aws_vpc.this"
          ],
          "create_before_destroy": true
        }
      ]
    },
    {
      "module": "module.prod_k8s",
      "mode": "managed",
      "type": "aws_security_group_rule",
      "name": "cluster_https_worker_ingress",
      "provider": "provider[\"registry.terraform.io/hashicorp/aws\"]",
      "instances": [
        {
          "index_key": 0,
          "schema_version": 2,
          "attributes": {
            "cidr_blocks": [],
            "description": "Allow pods to communicate with the EKS cluster API.",
            "from_port": 443,
            "id": "sgrule-1372299665",
            "ipv6_cidr_blocks": [],
            "prefix_list_ids": [],
            "protocol": "tcp",
            "security_group_id": "sg-09a543d1539ec5443",
            "self": false,
            "source_security_group_id": "sg-0e3241080d40b8f4a",
            "to_port": 443,
            "type": "ingress"
          },
          "sensitive_attributes": [],
          "private": "eyJzY2hlbWFfdmVyc2lvbiI6IjIifQ==",
          "dependencies": [
            "module.prod_k8s.aws_security_group.cluster",
            "module.prod_k8s.aws_security_group.workers",
            "module.prod_vpc.aws_vpc.this"
          ],
          "create_before_destroy": true
        }
      ]
    },
    {
      "module": "module.prod_k8s",
      "mode": "managed",
      "type": "aws_security_group_rule",
      "name": "workers_egress_internet",
      "provider": "provider[\"registry.terraform.io/hashicorp/aws\"]",
      "instances": [
        {
          "index_key": 0,
          "schema_version": 2,
          "attributes": {
            "cidr_blocks": [
              "0.0.0.0/0"
            ],
            "description": "Allow nodes all egress to the Internet.",
            "from_port": 0,
            "id": "sgrule-730826715",
            "ipv6_cidr_blocks": [],
            "prefix_list_ids": [],
            "protocol": "-1",
            "security_group_id": "sg-0e3241080d40b8f4a",
            "self": false,
            "source_security_group_id": null,
            "to_port": 0,
            "type": "egress"
          },
          "sensitive_attributes": [],
          "private": "eyJzY2hlbWFfdmVyc2lvbiI6IjIifQ==",
          "dependencies": [
            "module.prod_k8s.aws_security_group.workers",
            "module.prod_vpc.aws_vpc.this"
          ],
          "create_before_destroy": true
        }
      ]
    },
    {
      "module": "module.prod_k8s",
      "mode": "managed",
      "type": "aws_security_group_rule",
      "name": "workers_ingress_cluster",
      "provider": "provider[\"registry.terraform.io/hashicorp/aws\"]",
      "instances": [
        {
          "index_key": 0,
          "schema_version": 2,
          "attributes": {
            "cidr_blocks": [],
            "description": "Allow workers pods to receive communication from the cluster control plane.",
            "from_port": 1025,
            "id": "sgrule-4240486027",
            "ipv6_cidr_blocks": [],
            "prefix_list_ids": [],
            "protocol": "tcp",
            "security_group_id": "sg-0e3241080d40b8f4a",
            "self": false,
            "source_security_group_id": "sg-09a543d1539ec5443",
            "to_port": 65535,
            "type": "ingress"
          },
          "sensitive_attributes": [],
          "private": "eyJzY2hlbWFfdmVyc2lvbiI6IjIifQ==",
          "dependencies": [
            "module.prod_k8s.aws_security_group.cluster",
            "module.prod_k8s.aws_security_group.workers",
            "module.prod_vpc.aws_vpc.this"
          ],
          "create_before_destroy": true
        }
      ]
    },
    {
      "module": "module.prod_k8s",
      "mode": "managed",
      "type": "aws_security_group_rule",
      "name": "workers_ingress_cluster_https",
      "provider": "provider[\"registry.terraform.io/hashicorp/aws\"]",
      "instances": [
        {
          "index_key": 0,
          "schema_version": 2,
          "attributes": {
            "cidr_blocks": [],
            "description": "Allow pods running extension API servers on port 443 to receive communication from cluster control plane.",
            "from_port": 443,
            "id": "sgrule-4030241895",
            "ipv6_cidr_blocks": [],
            "prefix_list_ids": [],
            "protocol": "tcp",
            "security_group_id": "sg-0e3241080d40b8f4a",
            "self": false,
            "source_security_group_id": "sg-09a543d1539ec5443",
            "to_port": 443,
            "type": "ingress"
          },
          "sensitive_attributes": [],
          "private": "eyJzY2hlbWFfdmVyc2lvbiI6IjIifQ==",
          "dependencies": [
            "module.prod_k8s.aws_security_group.cluster",
            "module.prod_k8s.aws_security_group.workers",
            "module.prod_vpc.aws_vpc.this"
          ],
          "create_before_destroy": true
        }
      ]
    },
    {
      "module": "module.prod_k8s",
      "mode": "managed",
      "type": "aws_security_group_rule",
      "name": "workers_ingress_self",
      "provider": "provider[\"registry.terraform.io/hashicorp/aws\"]",
      "instances": [
        {
          "index_key": 0,
          "schema_version": 2,
          "attributes": {
            "cidr_blocks": [],
            "description": "Allow node to communicate with each other.",
            "from_port": 0,
            "id": "sgrule-3517242949",
            "ipv6_cidr_blocks": [],
            "prefix_list_ids": [],
            "protocol": "-1",
            "security_group_id": "sg-0e3241080d40b8f4a",
            "self": false,
            "source_security_group_id": "sg-0e3241080d40b8f4a",
            "to_port": 0,
            "type": "ingress"
          },
          "sensitive_attributes": [],
          "private": "eyJzY2hlbWFfdmVyc2lvbiI6IjIifQ==",
          "dependencies": [
            "module.prod_k8s.aws_security_group.workers",
            "module.prod_vpc.aws_vpc.this"
          ],
          "create_before_destroy": true
        }
      ]
    },
    {
      "module": "module.prod_k8s",
      "mode": "managed",
      "type": "kubernetes_config_map",
      "name": "aws_auth",
      "provider": "provider[\"registry.terraform.io/hashicorp/kubernetes\"]",
      "instances": [
        {
          "index_key": 0,
          "schema_version": 0,
          "attributes": {
            "binary_data": {},
            "data": {
              "mapAccounts": "[]\n",
              "mapRoles": "- \"groups\":\n  - \"system:bootstrappers\"\n  - \"system:nodes\"\n  \"rolearn\": \"arn:aws:iam::819917586372:role/eks_cluster\"\n  \"username\": \"system:node:{{EC2PrivateDNSName}}\"\n",
              "mapUsers": "[]\n"
            },
            "id": "kube-system/aws-auth",
            "metadata": [
              {
                "annotations": {},
                "generate_name": "",
                "generation": 0,
                "labels": {
                  "app.kubernetes.io/managed-by": "Terraform",
                  "terraform.io/module": "terraform-aws-modules.eks.aws"
                },
                "name": "aws-auth",
                "namespace": "kube-system",
                "resource_version": "671",
                "uid": "b0361b23-7aa4-4857-a3aa-1ce0877c25ab"
              }
            ]
          },
          "sensitive_attributes": [],
          "private": "bnVsbA==",
          "dependencies": [
            "aws_iam_role.nodes",
            "data.aws_eks_cluster.cluster",
            "data.aws_eks_cluster_auth.cluster",
            "module.prod_k8s.aws_cloudwatch_log_group.this",
            "module.prod_k8s.aws_eks_cluster.this",
            "module.prod_k8s.aws_iam_instance_profile.workers",
            "module.prod_k8s.aws_iam_instance_profile.workers_launch_template",
            "module.prod_k8s.aws_iam_role.cluster",
            "module.prod_k8s.aws_iam_role.workers",
            "module.prod_k8s.aws_iam_role_policy_attachment.cluster_AmazonEKSClusterPolicy",
            "module.prod_k8s.aws_iam_role_policy_attachment.cluster_AmazonEKSServicePolicy",
            "module.prod_k8s.aws_iam_role_policy_attachment.cluster_AmazonEKSVPCResourceControllerPolicy",
            "module.prod_k8s.aws_security_group.cluster",
            "module.prod_k8s.aws_security_group.workers",
            "module.prod_k8s.aws_security_group_rule.cluster_egress_internet",
            "module.prod_k8s.aws_security_group_rule.cluster_https_worker_ingress",
            "module.prod_k8s.aws_security_group_rule.cluster_private_access_cidrs_source",
            "module.prod_k8s.aws_security_group_rule.cluster_private_access_sg_source",
            "module.prod_k8s.data.aws_ami.eks_worker",
            "module.prod_k8s.data.aws_ami.eks_worker_windows",
            "module.prod_k8s.data.aws_caller_identity.current",
            "module.prod_k8s.data.aws_iam_instance_profile.custom_worker_group_iam_instance_profile",
            "module.prod_k8s.data.aws_iam_instance_profile.custom_worker_group_launch_template_iam_instance_profile",
            "module.prod_k8s.data.aws_iam_policy_document.cluster_assume_role_policy",
            "module.prod_k8s.data.aws_iam_policy_document.workers_assume_role_policy",
            "module.prod_k8s.data.aws_iam_role.custom_cluster_iam_role",
            "module.prod_k8s.data.aws_partition.current",
            "module.prod_k8s.data.http.wait_for_cluster",
            "module.prod_k8s.module.fargate.aws_iam_role.eks_fargate_pod",
            "module.prod_k8s.module.fargate.data.aws_iam_policy_document.eks_fargate_pod_assume_role",
            "module.prod_k8s.module.fargate.data.aws_iam_role.custom_fargate_iam_role",
            "module.prod_vpc.aws_subnet.this_sub_pub",
            "module.prod_vpc.aws_vpc.this"
          ],
          "create_before_destroy": true
        }
      ]
    },
    {
      "module": "module.prod_k8s",
      "mode": "managed",
      "type": "local_file",
      "name": "kubeconfig",
      "provider": "provider[\"registry.terraform.io/hashicorp/local\"]",
      "instances": [
        {
          "index_key": 0,
          "schema_version": 0,
          "attributes": {
            "content": "apiVersion: v1\npreferences: {}\nkind: Config\n\nclusters:\n- cluster:\n    server: https://59E9ADA2A08956EBFCF989BF11415BBA.gr7.us-east-1.eks.amazonaws.com\n    certificate-authority-data: LS0tLS1CRUdJTiBDRVJUSUZJQ0FURS0tLS0tCk1JSUM1ekNDQWMrZ0F3SUJBZ0lCQURBTkJna3Foa2lHOXcwQkFRc0ZBREFWTVJNd0VRWURWUVFERXdwcmRXSmwKY201bGRHVnpNQjRYRFRJeE1EZ3lNREUyTlRRd05Gb1hEVE14TURneE9ERTJOVFF3TkZvd0ZURVRNQkVHQTFVRQpBeE1LYTNWaVpYSnVaWFJsY3pDQ0FTSXdEUVlKS29aSWh2Y05BUUVCQlFBRGdnRVBBRENDQVFvQ2dnRUJBTXZmClhYRVNySngyNFNWMXJ3SEJtL3Z5RlJ5d3hia29YNkZ5UkgwZXNSZitneU5hbkJTa3BRazlISFZ0WmxYR01vSVAKSGlYMzd5a3NBY25Sd0tQWlNneEFWZWlubzl6U3dMUXdoZGduM2xtenplcGpXc2VBa3l3amVleTkreXV1blhKbgpGU3g3NHFXY2ZVQkNNcmw2V2JiN08wQmtqY0RyZFRFV1hGTlZhSE53Y1JLTjlQM0ZBbXIyYXI1TkErdGhSVktzCitZWmZNM2NZK0JScDF5QUY2NVdVZDkyYUVUVWViaUV3U1pJODJPYzdPYWFLUVoweXJ0STZGcEJCeW51czEweFEKRWxxQmVKejcyZmN1ZXJWWTNhQTM0aHFiVFlhSGIwdWIvU1RJdUFraHIrQVJlTjlvTXpyc1ZrSm4wZkgvekpHLwpyN3BRaCtIYWF5MWFWaXNLNDRjQ0F3RUFBYU5DTUVBd0RnWURWUjBQQVFIL0JBUURBZ0trTUE4R0ExVWRFd0VCCi93UUZNQU1CQWY4d0hRWURWUjBPQkJZRUZLQitCVWpqc2FpdWFpU2tQMTVUQXhSamFuOEZNQTBHQ1NxR1NJYjMKRFFFQkN3VUFBNElCQVFBTldvT2dKMmRlMnVKS1pRWFEvY2Mzc0ZwMlg4amMrU1ZqTTFkdkV6cWZPVFNEMXNxNQpqaHVucytGOVNPUm9WYkx6SUwxancwbEw3eWNRTzZNRWk4WFMvU2x1aElQZkQrMjA1eWZrSzJTdjVIc1RYRmxoCnFIc2VvWHp5YTJBckwyQVFOVmp1c0Vzd3VwZnVaTklURlovRlREQS9BZUZMbWhPTDBZbVNseXQ5Q0d6S0dDR0wKOXA3LzQ3N3ZSVnJLaXJsRUVtL3pvRDFRVUlsSERIV2lqcW9xTGpiZStnK25qeEhlNGZGeWRUVDRMVXRVSGlpLwpDV2JxNmYwTnJjNXpDM2NkYWMwbEVnbDYzNGU4SGxDR1dTdzRsS0w3bkFOamxvckdweWFMdHRkeGgyWkkzNTUyClJVYWZCR1JaR3FJMDZKQ3U1Vms0ZjBFWC9jdkYwanFJMUlncgotLS0tLUVORCBDRVJUSUZJQ0FURS0tLS0tCg==\n  name: eks_eks_cluster\n\ncontexts:\n- context:\n    cluster: eks_eks_cluster\n    user: eks_eks_cluster\n  name: eks_eks_cluster\n\ncurrent-context: eks_eks_cluster\n\nusers:\n- name: eks_eks_cluster\n  user:\n    exec:\n      apiVersion: client.authentication.k8s.io/v1alpha1\n      command: aws-iam-authenticator\n      args:\n        - \"token\"\n        - \"-i\"\n        - \"eks_cluster\"\n",
            "content_base64": null,
            "directory_permission": "0755",
            "file_permission": "0600",
            "filename": "./kubeconfig_eks_cluster",
            "id": "66d021d5fa775306ccb82234c7d5ae291fcf1f67",
            "sensitive_content": null,
            "source": null
          },
          "sensitive_attributes": [],
          "private": "bnVsbA==",
          "dependencies": [
            "module.prod_k8s.aws_cloudwatch_log_group.this",
            "module.prod_k8s.aws_eks_cluster.this",
            "module.prod_k8s.aws_iam_role.cluster",
            "module.prod_k8s.aws_iam_role_policy_attachment.cluster_AmazonEKSClusterPolicy",
            "module.prod_k8s.aws_iam_role_policy_attachment.cluster_AmazonEKSServicePolicy",
            "module.prod_k8s.aws_iam_role_policy_attachment.cluster_AmazonEKSVPCResourceControllerPolicy",
            "module.prod_k8s.aws_security_group.cluster",
            "module.prod_k8s.aws_security_group.workers",
            "module.prod_k8s.aws_security_group_rule.cluster_egress_internet",
            "module.prod_k8s.aws_security_group_rule.cluster_https_worker_ingress",
            "module.prod_k8s.data.aws_iam_policy_document.cluster_assume_role_policy",
            "module.prod_k8s.data.aws_iam_role.custom_cluster_iam_role",
            "module.prod_k8s.data.aws_partition.current",
            "module.prod_vpc.aws_subnet.this_sub_pub",
            "module.prod_vpc.aws_vpc.this"
          ]
        }
      ]
    },
    {
      "module": "module.prod_k8s.module.node_groups",
      "mode": "managed",
      "type": "aws_eks_node_group",
      "name": "workers",
      "provider": "provider[\"registry.terraform.io/hashicorp/aws\"]",
      "instances": [
        {
          "index_key": "0",
          "schema_version": 0,
          "attributes": {
            "ami_type": "AL2_x86_64",
            "arn": "arn:aws:eks:us-east-1:819917586372:nodegroup/eks_cluster/node1/6cbdb240-2649-6669-08c7-04f6c54f6a1e",
            "capacity_type": "ON_DEMAND",
            "cluster_name": "eks_cluster",
            "disk_size": 100,
            "force_update_version": null,
            "id": "eks_cluster:node1",
            "instance_types": [
              "m4.large"
            ],
            "labels": {},
            "launch_template": [],
            "node_group_name": "node1",
            "node_group_name_prefix": "",
            "node_role_arn": "arn:aws:iam::819917586372:role/eks_cluster",
            "release_version": "1.20.4-20210813",
            "remote_access": [],
            "resources": [
              {
                "autoscaling_groups": [
                  {
                    "name": "eks-6cbdb240-2649-6669-08c7-04f6c54f6a1e"
                  }
                ],
                "remote_access_security_group_id": ""
              }
            ],
            "scaling_config": [
              {
                "desired_size": 1,
                "max_size": 5,
                "min_size": 1
              }
            ],
            "status": "ACTIVE",
            "subnet_ids": [
              "subnet-038b94a6d040aeece",
              "subnet-0a3fbf07df0433f9c"
            ],
            "tags": {},
            "tags_all": {},
            "taint": [],
            "timeouts": null,
            "version": "1.20"
          },
          "sensitive_attributes": [],
          "private": "eyJlMmJmYjczMC1lY2FhLTExZTYtOGY4OC0zNDM2M2JjN2M0YzAiOnsiY3JlYXRlIjozNjAwMDAwMDAwMDAwLCJkZWxldGUiOjM2MDAwMDAwMDAwMDAsInVwZGF0ZSI6MzYwMDAwMDAwMDAwMH19",
          "dependencies": [
            "aws_iam_role.nodes",
            "data.aws_eks_cluster.cluster",
            "data.aws_eks_cluster_auth.cluster",
            "module.prod_k8s.aws_cloudwatch_log_group.this",
            "module.prod_k8s.aws_eks_cluster.this",
            "module.prod_k8s.aws_iam_instance_profile.workers",
            "module.prod_k8s.aws_iam_instance_profile.workers_launch_template",
            "module.prod_k8s.aws_iam_role.cluster",
            "module.prod_k8s.aws_iam_role.workers",
            "module.prod_k8s.aws_iam_role_policy_attachment.cluster_AmazonEKSClusterPolicy",
            "module.prod_k8s.aws_iam_role_policy_attachment.cluster_AmazonEKSServicePolicy",
            "module.prod_k8s.aws_iam_role_policy_attachment.cluster_AmazonEKSVPCResourceControllerPolicy",
            "module.prod_k8s.aws_iam_role_policy_attachment.workers_AmazonEC2ContainerRegistryReadOnly",
            "module.prod_k8s.aws_iam_role_policy_attachment.workers_AmazonEKSWorkerNodePolicy",
            "module.prod_k8s.aws_iam_role_policy_attachment.workers_AmazonEKS_CNI_Policy",
            "module.prod_k8s.aws_security_group.cluster",
            "module.prod_k8s.aws_security_group.workers",
            "module.prod_k8s.aws_security_group_rule.cluster_egress_internet",
            "module.prod_k8s.aws_security_group_rule.cluster_https_worker_ingress",
            "module.prod_k8s.aws_security_group_rule.cluster_private_access_cidrs_source",
            "module.prod_k8s.aws_security_group_rule.cluster_private_access_sg_source",
            "module.prod_k8s.data.aws_ami.eks_worker",
            "module.prod_k8s.data.aws_ami.eks_worker_windows",
            "module.prod_k8s.data.aws_caller_identity.current",
            "module.prod_k8s.data.aws_iam_instance_profile.custom_worker_group_iam_instance_profile",
            "module.prod_k8s.data.aws_iam_instance_profile.custom_worker_group_launch_template_iam_instance_profile",
            "module.prod_k8s.data.aws_iam_policy_document.cluster_assume_role_policy",
            "module.prod_k8s.data.aws_iam_policy_document.workers_assume_role_policy",
            "module.prod_k8s.data.aws_iam_role.custom_cluster_iam_role",
            "module.prod_k8s.data.aws_partition.current",
            "module.prod_k8s.data.http.wait_for_cluster",
            "module.prod_k8s.kubernetes_config_map.aws_auth",
            "module.prod_k8s.module.fargate.aws_iam_role.eks_fargate_pod",
            "module.prod_k8s.module.fargate.data.aws_iam_policy_document.eks_fargate_pod_assume_role",
            "module.prod_k8s.module.fargate.data.aws_iam_role.custom_fargate_iam_role",
            "module.prod_k8s.module.node_groups.aws_launch_template.workers",
            "module.prod_k8s.module.node_groups.data.cloudinit_config.workers_userdata",
            "module.prod_vpc.aws_subnet.this_sub_pub",
            "module.prod_vpc.aws_vpc.this"
          ],
          "create_before_destroy": true
        }
      ]
    },
    {
      "module": "module.prod_vpc",
      "mode": "managed",
      "type": "aws_eip",
      "name": "this",
      "provider": "provider[\"registry.terraform.io/hashicorp/aws\"]",
      "instances": [
        {
          "schema_version": 0,
          "attributes": {
            "address": null,
            "allocation_id": null,
            "associate_with_private_ip": null,
            "association_id": "eipassoc-05638cc3873523127",
            "carrier_ip": "",
            "customer_owned_ip": "",
            "customer_owned_ipv4_pool": "",
            "domain": "vpc",
            "id": "eipalloc-0814f5f022b647b30",
            "instance": "",
            "network_border_group": "us-east-1",
            "network_interface": "eni-0ff3cb56a5da44ffd",
            "private_dns": "ip-10-0-0-35.ec2.internal",
            "private_ip": "10.0.0.35",
            "public_dns": "ec2-52-22-30-154.compute-1.amazonaws.com",
            "public_ip": "52.22.30.154",
            "public_ipv4_pool": "amazon",
            "tags": {
              "Name": "ac-xl-terraform-lab",
              "env": "ac-xl-terraform-lab"
            },
            "tags_all": {
              "Name": "ac-xl-terraform-lab",
              "env": "ac-xl-terraform-lab"
            },
            "timeouts": null,
            "vpc": true
          },
          "sensitive_attributes": [],
          "private": "eyJlMmJmYjczMC1lY2FhLTExZTYtOGY4OC0zNDM2M2JjN2M0YzAiOnsiZGVsZXRlIjoxODAwMDAwMDAwMDAsInJlYWQiOjkwMDAwMDAwMDAwMCwidXBkYXRlIjozMDAwMDAwMDAwMDB9fQ=="
        }
      ]
    },
    {
      "module": "module.prod_vpc",
      "mode": "managed",
      "type": "aws_internet_gateway",
      "name": "this",
      "provider": "provider[\"registry.terraform.io/hashicorp/aws\"]",
      "instances": [
        {
          "schema_version": 0,
          "attributes": {
            "arn": "arn:aws:ec2:us-east-1:819917586372:internet-gateway/igw-0df47076205fa2b49",
            "id": "igw-0df47076205fa2b49",
            "owner_id": "819917586372",
            "tags": {
              "Name": "ac-xl-joseher-prod-vpc-ing",
              "env": "ac-xl-terraform-lab"
            },
            "tags_all": {
              "Name": "ac-xl-joseher-prod-vpc-ing",
              "env": "ac-xl-terraform-lab"
            },
            "vpc_id": "vpc-09d92d9f1fdeb6901"
          },
          "sensitive_attributes": [],
          "private": "bnVsbA==",
          "dependencies": [
            "module.prod_vpc.aws_vpc.this"
          ]
        }
      ]
    },
    {
      "module": "module.prod_vpc",
      "mode": "managed",
      "type": "aws_nat_gateway",
      "name": "this",
      "provider": "provider[\"registry.terraform.io/hashicorp/aws\"]",
      "instances": [
        {
          "schema_version": 0,
          "attributes": {
            "allocation_id": "eipalloc-0814f5f022b647b30",
            "connectivity_type": "public",
            "id": "nat-0ae11a472c93a79c8",
            "network_interface_id": "eni-0ff3cb56a5da44ffd",
            "private_ip": "10.0.0.35",
            "public_ip": "52.22.30.154",
            "subnet_id": "subnet-0a3fbf07df0433f9c",
            "tags": {},
            "tags_all": {}
          },
          "sensitive_attributes": [],
          "private": "bnVsbA==",
          "dependencies": [
            "module.prod_vpc.aws_eip.this",
            "module.prod_vpc.aws_subnet.this_sub_pub",
            "module.prod_vpc.aws_vpc.this"
          ]
        }
      ]
    },
    {
      "module": "module.prod_vpc",
      "mode": "managed",
      "type": "aws_route_table",
      "name": "this-r-t-pri",
      "provider": "provider[\"registry.terraform.io/hashicorp/aws\"]",
      "instances": [
        {
          "schema_version": 0,
          "attributes": {
            "arn": "arn:aws:ec2:us-east-1:819917586372:route-table/rtb-03055c6045c1046fe",
            "id": "rtb-03055c6045c1046fe",
            "owner_id": "819917586372",
            "propagating_vgws": [],
            "route": [
              {
                "carrier_gateway_id": "",
                "cidr_block": "0.0.0.0/0",
                "destination_prefix_list_id": "",
                "egress_only_gateway_id": "",
                "gateway_id": "",
                "instance_id": "",
                "ipv6_cidr_block": "",
                "local_gateway_id": "",
                "nat_gateway_id": "nat-0ae11a472c93a79c8",
                "network_interface_id": "",
                "transit_gateway_id": "",
                "vpc_endpoint_id": "",
                "vpc_peering_connection_id": ""
              }
            ],
            "tags": {
              "Name": "ac-xl-joseher-prod-vpc-r-t-pri",
              "env": "ac-xl-terraform-lab"
            },
            "tags_all": {
              "Name": "ac-xl-joseher-prod-vpc-r-t-pri",
              "env": "ac-xl-terraform-lab"
            },
            "vpc_id": "vpc-09d92d9f1fdeb6901"
          },
          "sensitive_attributes": [],
          "private": "bnVsbA==",
          "dependencies": [
            "module.prod_vpc.aws_eip.this",
            "module.prod_vpc.aws_nat_gateway.this",
            "module.prod_vpc.aws_subnet.this_sub_pub",
            "module.prod_vpc.aws_vpc.this"
          ]
        }
      ]
    },
    {
      "module": "module.prod_vpc",
      "mode": "managed",
      "type": "aws_route_table",
      "name": "this-r-t-pub",
      "provider": "provider[\"registry.terraform.io/hashicorp/aws\"]",
      "instances": [
        {
          "schema_version": 0,
          "attributes": {
            "arn": "arn:aws:ec2:us-east-1:819917586372:route-table/rtb-061366a14376994b1",
            "id": "rtb-061366a14376994b1",
            "owner_id": "819917586372",
            "propagating_vgws": [],
            "route": [
              {
                "carrier_gateway_id": "",
                "cidr_block": "0.0.0.0/0",
                "destination_prefix_list_id": "",
                "egress_only_gateway_id": "",
                "gateway_id": "igw-0df47076205fa2b49",
                "instance_id": "",
                "ipv6_cidr_block": "",
                "local_gateway_id": "",
                "nat_gateway_id": "",
                "network_interface_id": "",
                "transit_gateway_id": "",
                "vpc_endpoint_id": "",
                "vpc_peering_connection_id": ""
              }
            ],
            "tags": {
              "Name": "ac-xl-joseher-prod-vpc-r-t-pub",
              "env": "ac-xl-terraform-lab"
            },
            "tags_all": {
              "Name": "ac-xl-joseher-prod-vpc-r-t-pub",
              "env": "ac-xl-terraform-lab"
            },
            "vpc_id": "vpc-09d92d9f1fdeb6901"
          },
          "sensitive_attributes": [],
          "private": "bnVsbA==",
          "dependencies": [
            "module.prod_vpc.aws_internet_gateway.this",
            "module.prod_vpc.aws_vpc.this"
          ]
        }
      ]
    },
    {
      "module": "module.prod_vpc",
      "mode": "managed",
      "type": "aws_route_table_association",
      "name": "this-as-pri",
      "provider": "provider[\"registry.terraform.io/hashicorp/aws\"]",
      "instances": [
        {
          "index_key": 0,
          "schema_version": 0,
          "attributes": {
            "gateway_id": "",
            "id": "rtbassoc-0b33b7b1806da8744",
            "route_table_id": "rtb-03055c6045c1046fe",
            "subnet_id": "subnet-083e0bc35158cf272"
          },
          "sensitive_attributes": [],
          "private": "bnVsbA==",
          "dependencies": [
            "module.prod_vpc.aws_eip.this",
            "module.prod_vpc.aws_nat_gateway.this",
            "module.prod_vpc.aws_route_table.this-r-t-pri",
            "module.prod_vpc.aws_subnet.this_sub_pri",
            "module.prod_vpc.aws_subnet.this_sub_pub",
            "module.prod_vpc.aws_vpc.this"
          ]
        }
      ]
    },
    {
      "module": "module.prod_vpc",
      "mode": "managed",
      "type": "aws_route_table_association",
      "name": "this-as-pub",
      "provider": "provider[\"registry.terraform.io/hashicorp/aws\"]",
      "instances": [
        {
          "index_key": 0,
          "schema_version": 0,
          "attributes": {
            "gateway_id": "",
            "id": "rtbassoc-094f95b9687ee5db2",
            "route_table_id": "rtb-061366a14376994b1",
            "subnet_id": "subnet-0a3fbf07df0433f9c"
          },
          "sensitive_attributes": [],
          "private": "bnVsbA==",
          "dependencies": [
            "module.prod_vpc.aws_internet_gateway.this",
            "module.prod_vpc.aws_route_table.this-r-t-pub",
            "module.prod_vpc.aws_subnet.this_sub_pub",
            "module.prod_vpc.aws_vpc.this"
          ]
        },
        {
          "index_key": 1,
          "schema_version": 0,
          "attributes": {
            "gateway_id": "",
            "id": "rtbassoc-086ad6b465a9f4668",
            "route_table_id": "rtb-061366a14376994b1",
            "subnet_id": "subnet-038b94a6d040aeece"
          },
          "sensitive_attributes": [],
          "private": "bnVsbA==",
          "dependencies": [
            "module.prod_vpc.aws_internet_gateway.this",
            "module.prod_vpc.aws_route_table.this-r-t-pub",
            "module.prod_vpc.aws_subnet.this_sub_pub",
            "module.prod_vpc.aws_vpc.this"
          ]
        }
      ]
    },
    {
      "module": "module.prod_vpc",
      "mode": "managed",
      "type": "aws_subnet",
      "name": "this_sub_pri",
      "provider": "provider[\"registry.terraform.io/hashicorp/aws\"]",
      "instances": [
        {
          "index_key": "private_subnet",
          "schema_version": 1,
          "attributes": {
            "arn": "arn:aws:ec2:us-east-1:819917586372:subnet/subnet-083e0bc35158cf272",
            "assign_ipv6_address_on_creation": false,
            "availability_zone": "us-east-1c",
            "availability_zone_id": "use1-az2",
            "cidr_block": "10.0.2.0/24",
            "customer_owned_ipv4_pool": "",
            "id": "subnet-083e0bc35158cf272",
            "ipv6_cidr_block": "",
            "ipv6_cidr_block_association_id": "",
            "map_customer_owned_ip_on_launch": false,
            "map_public_ip_on_launch": false,
            "outpost_arn": "",
            "owner_id": "819917586372",
            "tags": {
              "Name": "ac-xl-joseher-prod-vpc-private_subnet",
              "env": "ac-xl-terraform-lab"
            },
            "tags_all": {
              "Name": "ac-xl-joseher-prod-vpc-private_subnet",
              "env": "ac-xl-terraform-lab"
            },
            "timeouts": null,
            "vpc_id": "vpc-09d92d9f1fdeb6901"
          },
          "sensitive_attributes": [],
          "private": "eyJlMmJmYjczMC1lY2FhLTExZTYtOGY4OC0zNDM2M2JjN2M0YzAiOnsiY3JlYXRlIjo2MDAwMDAwMDAwMDAsImRlbGV0ZSI6MTIwMDAwMDAwMDAwMH0sInNjaGVtYV92ZXJzaW9uIjoiMSJ9",
          "dependencies": [
            "module.prod_vpc.aws_vpc.this"
          ]
        }
      ]
    },
    {
      "module": "module.prod_vpc",
      "mode": "managed",
      "type": "aws_subnet",
      "name": "this_sub_pub",
      "provider": "provider[\"registry.terraform.io/hashicorp/aws\"]",
      "instances": [
        {
          "index_key": "public_subnet_1",
          "schema_version": 1,
          "attributes": {
            "arn": "arn:aws:ec2:us-east-1:819917586372:subnet/subnet-0a3fbf07df0433f9c",
            "assign_ipv6_address_on_creation": false,
            "availability_zone": "us-east-1a",
            "availability_zone_id": "use1-az6",
            "cidr_block": "10.0.0.0/24",
            "customer_owned_ipv4_pool": "",
            "id": "subnet-0a3fbf07df0433f9c",
            "ipv6_cidr_block": "",
            "ipv6_cidr_block_association_id": "",
            "map_customer_owned_ip_on_launch": false,
            "map_public_ip_on_launch": true,
            "outpost_arn": "",
            "owner_id": "819917586372",
            "tags": {
              "Name": "ac-xl-joseher-prod-vpc-public_subnet_1",
              "env": "ac-xl-terraform-lab",
              "kubernetes.io/cluster/eks_cluster": "shared",
              "kubernetes.io/role/elb": "1"
            },
            "tags_all": {
              "Name": "ac-xl-joseher-prod-vpc-public_subnet_1",
              "env": "ac-xl-terraform-lab",
              "kubernetes.io/cluster/eks_cluster": "shared",
              "kubernetes.io/role/elb": "1"
            },
            "timeouts": null,
            "vpc_id": "vpc-09d92d9f1fdeb6901"
          },
          "sensitive_attributes": [],
          "private": "eyJlMmJmYjczMC1lY2FhLTExZTYtOGY4OC0zNDM2M2JjN2M0YzAiOnsiY3JlYXRlIjo2MDAwMDAwMDAwMDAsImRlbGV0ZSI6MTIwMDAwMDAwMDAwMH0sInNjaGVtYV92ZXJzaW9uIjoiMSJ9",
          "dependencies": [
            "module.prod_vpc.aws_vpc.this"
          ],
          "create_before_destroy": true
        },
        {
          "index_key": "public_subnet_2",
          "schema_version": 1,
          "attributes": {
            "arn": "arn:aws:ec2:us-east-1:819917586372:subnet/subnet-038b94a6d040aeece",
            "assign_ipv6_address_on_creation": false,
            "availability_zone": "us-east-1b",
            "availability_zone_id": "use1-az1",
            "cidr_block": "10.0.1.0/24",
            "customer_owned_ipv4_pool": "",
            "id": "subnet-038b94a6d040aeece",
            "ipv6_cidr_block": "",
            "ipv6_cidr_block_association_id": "",
            "map_customer_owned_ip_on_launch": false,
            "map_public_ip_on_launch": true,
            "outpost_arn": "",
            "owner_id": "819917586372",
            "tags": {
              "Name": "ac-xl-joseher-prod-vpc-public_subnet_2",
              "env": "ac-xl-terraform-lab",
              "kubernetes.io/cluster/eks_cluster": "shared",
              "kubernetes.io/role/elb": "1"
            },
            "tags_all": {
              "Name": "ac-xl-joseher-prod-vpc-public_subnet_2",
              "env": "ac-xl-terraform-lab",
              "kubernetes.io/cluster/eks_cluster": "shared",
              "kubernetes.io/role/elb": "1"
            },
            "timeouts": null,
            "vpc_id": "vpc-09d92d9f1fdeb6901"
          },
          "sensitive_attributes": [],
          "private": "eyJlMmJmYjczMC1lY2FhLTExZTYtOGY4OC0zNDM2M2JjN2M0YzAiOnsiY3JlYXRlIjo2MDAwMDAwMDAwMDAsImRlbGV0ZSI6MTIwMDAwMDAwMDAwMH0sInNjaGVtYV92ZXJzaW9uIjoiMSJ9",
          "dependencies": [
            "module.prod_vpc.aws_vpc.this"
          ],
          "create_before_destroy": true
        }
      ]
    },
    {
      "module": "module.prod_vpc",
      "mode": "managed",
      "type": "aws_vpc",
      "name": "this",
      "provider": "provider[\"registry.terraform.io/hashicorp/aws\"]",
      "instances": [
        {
          "schema_version": 1,
          "attributes": {
            "arn": "arn:aws:ec2:us-east-1:819917586372:vpc/vpc-09d92d9f1fdeb6901",
            "assign_generated_ipv6_cidr_block": false,
            "cidr_block": "10.0.0.0/16",
            "default_network_acl_id": "acl-0a701ac35e8ba6488",
            "default_route_table_id": "rtb-0a6591d307ea9c996",
            "default_security_group_id": "sg-0eab5dd727c080a77",
            "dhcp_options_id": "dopt-009c3f3ef9ee78307",
            "enable_classiclink": false,
            "enable_classiclink_dns_support": false,
            "enable_dns_hostnames": true,
            "enable_dns_support": true,
            "id": "vpc-09d92d9f1fdeb6901",
            "instance_tenancy": "default",
            "ipv6_association_id": "",
            "ipv6_cidr_block": "",
            "main_route_table_id": "rtb-0a6591d307ea9c996",
            "owner_id": "819917586372",
            "tags": {
              "Name": "ac-xl-joseher-prod-vpc",
              "env": "ac-xl-terraform-lab"
            },
            "tags_all": {
              "Name": "ac-xl-joseher-prod-vpc",
              "env": "ac-xl-terraform-lab"
            }
          },
          "sensitive_attributes": [],
          "private": "eyJzY2hlbWFfdmVyc2lvbiI6IjEifQ==",
          "create_before_destroy": true
        }
      ]
    }
  ]
}
